// !$*UTF8*$!
{
	archiveVersion = 1;
	classes = {
	};
	objectVersion = 56;
	objects = {

/* Begin PBXBuildFile section */
		11A2062F292E1E8400611E8D /* PickerFrequency.swift in Sources */ = {isa = PBXBuildFile; fileRef = 11A2062E292E1E8400611E8D /* PickerFrequency.swift */; };
		11EF87C0292CCFB000021384 /* TaskModel.swift in Sources */ = {isa = PBXBuildFile; fileRef = 11EF87BF292CCFB000021384 /* TaskModel.swift */; };
		11EF87C2292CD2C900021384 /* SingleTaskRowView.swift in Sources */ = {isa = PBXBuildFile; fileRef = 11EF87C1292CD2C900021384 /* SingleTaskRowView.swift */; };
		11EF87C4292CD37200021384 /* MultipleTaskRowView.swift in Sources */ = {isa = PBXBuildFile; fileRef = 11EF87C3292CD37200021384 /* MultipleTaskRowView.swift */; };
		11EF87C8292CD3BD00021384 /* SingleTaskListViewModel.swift in Sources */ = {isa = PBXBuildFile; fileRef = 11EF87C7292CD3BD00021384 /* SingleTaskListViewModel.swift */; };
		11EF87CC292CFA7F00021384 /* MultipleTaskListViewModel.swift in Sources */ = {isa = PBXBuildFile; fileRef = 11EF87CB292CFA7F00021384 /* MultipleTaskListViewModel.swift */; };
		C81DC56C292908DF00784D76 /* AchievementAmount.swift in Sources */ = {isa = PBXBuildFile; fileRef = C81DC56B292908DF00784D76 /* AchievementAmount.swift */; };
		C81DC56E29290E4600784D76 /* TitleLayout.swift in Sources */ = {isa = PBXBuildFile; fileRef = C81DC56D29290E4600784D76 /* TitleLayout.swift */; };
		C81DC570292914A900784D76 /* GetRandomTask.swift in Sources */ = {isa = PBXBuildFile; fileRef = C81DC56F292914A900784D76 /* GetRandomTask.swift */; };
		C81DC5722929182200784D76 /* FrequencyCategoryButtons.swift in Sources */ = {isa = PBXBuildFile; fileRef = C81DC5712929182200784D76 /* FrequencyCategoryButtons.swift */; };
		C8A1DDDF2927838B00FA983B /* DailyDisciplineApp.swift in Sources */ = {isa = PBXBuildFile; fileRef = C8A1DDDE2927838B00FA983B /* DailyDisciplineApp.swift */; };
		C8A1DDE12927838B00FA983B /* ContentView.swift in Sources */ = {isa = PBXBuildFile; fileRef = C8A1DDE02927838B00FA983B /* ContentView.swift */; };
		C8A1DDE32927838C00FA983B /* Assets.xcassets in Resources */ = {isa = PBXBuildFile; fileRef = C8A1DDE22927838C00FA983B /* Assets.xcassets */; };
		C8A1DDE62927838C00FA983B /* Preview Assets.xcassets in Resources */ = {isa = PBXBuildFile; fileRef = C8A1DDE52927838C00FA983B /* Preview Assets.xcassets */; };
		C8A1DDEF2927860700FA983B /* ProfileView.swift in Sources */ = {isa = PBXBuildFile; fileRef = C8A1DDEE2927860700FA983B /* ProfileView.swift */; };
		C8A1DDF12927862200FA983B /* AchievementsView.swift in Sources */ = {isa = PBXBuildFile; fileRef = C8A1DDF02927862200FA983B /* AchievementsView.swift */; };
		C8A1DDF32927863400FA983B /* TitlesView.swift in Sources */ = {isa = PBXBuildFile; fileRef = C8A1DDF22927863400FA983B /* TitlesView.swift */; };
		C8A1DDF52927864500FA983B /* NewTaskView.swift in Sources */ = {isa = PBXBuildFile; fileRef = C8A1DDF42927864500FA983B /* NewTaskView.swift */; };
		C8D919F529278E7700955313 /* SettingsView.swift in Sources */ = {isa = PBXBuildFile; fileRef = C8D919F429278E7700955313 /* SettingsView.swift */; };
		C8D919F82927A86300955313 /* Navbar.swift in Sources */ = {isa = PBXBuildFile; fileRef = C8D919F72927A86300955313 /* Navbar.swift */; };
		C8D919FA2927BC9400955313 /* WaveBottom.swift in Sources */ = {isa = PBXBuildFile; fileRef = C8D919F92927BC9400955313 /* WaveBottom.swift */; };
		C8D919FC2927CDC500955313 /* DisplayTasks.swift in Sources */ = {isa = PBXBuildFile; fileRef = C8D919FB2927CDC500955313 /* DisplayTasks.swift */; };
		C8D919FE2927D58300955313 /* CategoryButtonView.swift in Sources */ = {isa = PBXBuildFile; fileRef = C8D919FD2927D58300955313 /* CategoryButtonView.swift */; };
/* End PBXBuildFile section */

/* Begin PBXFileReference section */
		11A2062E292E1E8400611E8D /* PickerFrequency.swift */ = {isa = PBXFileReference; lastKnownFileType = sourcecode.swift; path = PickerFrequency.swift; sourceTree = "<group>"; };
		11EF87BF292CCFB000021384 /* TaskModel.swift */ = {isa = PBXFileReference; lastKnownFileType = sourcecode.swift; path = TaskModel.swift; sourceTree = "<group>"; };
		11EF87C1292CD2C900021384 /* SingleTaskRowView.swift */ = {isa = PBXFileReference; lastKnownFileType = sourcecode.swift; path = SingleTaskRowView.swift; sourceTree = "<group>"; };
		11EF87C3292CD37200021384 /* MultipleTaskRowView.swift */ = {isa = PBXFileReference; lastKnownFileType = sourcecode.swift; path = MultipleTaskRowView.swift; sourceTree = "<group>"; };
		11EF87C7292CD3BD00021384 /* SingleTaskListViewModel.swift */ = {isa = PBXFileReference; lastKnownFileType = sourcecode.swift; path = SingleTaskListViewModel.swift; sourceTree = "<group>"; };
		11EF87CB292CFA7F00021384 /* MultipleTaskListViewModel.swift */ = {isa = PBXFileReference; lastKnownFileType = sourcecode.swift; path = MultipleTaskListViewModel.swift; sourceTree = "<group>"; };
		C81DC56B292908DF00784D76 /* AchievementAmount.swift */ = {isa = PBXFileReference; lastKnownFileType = sourcecode.swift; path = AchievementAmount.swift; sourceTree = "<group>"; };
		C81DC56D29290E4600784D76 /* TitleLayout.swift */ = {isa = PBXFileReference; lastKnownFileType = sourcecode.swift; path = TitleLayout.swift; sourceTree = "<group>"; };
		C81DC56F292914A900784D76 /* GetRandomTask.swift */ = {isa = PBXFileReference; lastKnownFileType = sourcecode.swift; path = GetRandomTask.swift; sourceTree = "<group>"; };
		C81DC5712929182200784D76 /* FrequencyCategoryButtons.swift */ = {isa = PBXFileReference; lastKnownFileType = sourcecode.swift; path = FrequencyCategoryButtons.swift; sourceTree = "<group>"; };
		C8A1DDDB2927838B00FA983B /* DailyDiscipline.app */ = {isa = PBXFileReference; explicitFileType = wrapper.application; includeInIndex = 0; path = DailyDiscipline.app; sourceTree = BUILT_PRODUCTS_DIR; };
		C8A1DDDE2927838B00FA983B /* DailyDisciplineApp.swift */ = {isa = PBXFileReference; lastKnownFileType = sourcecode.swift; path = DailyDisciplineApp.swift; sourceTree = "<group>"; };
		C8A1DDE02927838B00FA983B /* ContentView.swift */ = {isa = PBXFileReference; lastKnownFileType = sourcecode.swift; path = ContentView.swift; sourceTree = "<group>"; };
		C8A1DDE22927838C00FA983B /* Assets.xcassets */ = {isa = PBXFileReference; lastKnownFileType = folder.assetcatalog; path = Assets.xcassets; sourceTree = "<group>"; };
		C8A1DDE52927838C00FA983B /* Preview Assets.xcassets */ = {isa = PBXFileReference; lastKnownFileType = folder.assetcatalog; path = "Preview Assets.xcassets"; sourceTree = "<group>"; };
		C8A1DDEE2927860700FA983B /* ProfileView.swift */ = {isa = PBXFileReference; lastKnownFileType = sourcecode.swift; path = ProfileView.swift; sourceTree = "<group>"; };
		C8A1DDF02927862200FA983B /* AchievementsView.swift */ = {isa = PBXFileReference; lastKnownFileType = sourcecode.swift; path = AchievementsView.swift; sourceTree = "<group>"; };
		C8A1DDF22927863400FA983B /* TitlesView.swift */ = {isa = PBXFileReference; lastKnownFileType = sourcecode.swift; path = TitlesView.swift; sourceTree = "<group>"; };
		C8A1DDF42927864500FA983B /* NewTaskView.swift */ = {isa = PBXFileReference; lastKnownFileType = sourcecode.swift; path = NewTaskView.swift; sourceTree = "<group>"; };
		C8D919F429278E7700955313 /* SettingsView.swift */ = {isa = PBXFileReference; lastKnownFileType = sourcecode.swift; path = SettingsView.swift; sourceTree = "<group>"; };
		C8D919F72927A86300955313 /* Navbar.swift */ = {isa = PBXFileReference; lastKnownFileType = sourcecode.swift; path = Navbar.swift; sourceTree = "<group>"; };
		C8D919F92927BC9400955313 /* WaveBottom.swift */ = {isa = PBXFileReference; lastKnownFileType = sourcecode.swift; path = WaveBottom.swift; sourceTree = "<group>"; };
		C8D919FB2927CDC500955313 /* DisplayTasks.swift */ = {isa = PBXFileReference; lastKnownFileType = sourcecode.swift; path = DisplayTasks.swift; sourceTree = "<group>"; };
		C8D919FD2927D58300955313 /* CategoryButtonView.swift */ = {isa = PBXFileReference; lastKnownFileType = sourcecode.swift; path = CategoryButtonView.swift; sourceTree = "<group>"; };
/* End PBXFileReference section */

/* Begin PBXFrameworksBuildPhase section */
		C8A1DDD82927838B00FA983B /* Frameworks */ = {
			isa = PBXFrameworksBuildPhase;
			buildActionMask = 2147483647;
			files = (
			);
			runOnlyForDeploymentPostprocessing = 0;
		};
/* End PBXFrameworksBuildPhase section */

/* Begin PBXGroup section */
		11EF87BD292CCF7400021384 /* Models */ = {
			isa = PBXGroup;
			children = (
				11EF87BF292CCFB000021384 /* TaskModel.swift */,
			);
			path = Models;
			sourceTree = "<group>";
		};
		11EF87BE292CCF7E00021384 /* ViewModels */ = {
			isa = PBXGroup;
			children = (
				11EF87C7292CD3BD00021384 /* SingleTaskListViewModel.swift */,
				11EF87CB292CFA7F00021384 /* MultipleTaskListViewModel.swift */,
			);
			path = ViewModels;
			sourceTree = "<group>";
		};
		11EF87C6292CD39400021384 /* TaskListViews */ = {
			isa = PBXGroup;
			children = (
				11EF87C3292CD37200021384 /* MultipleTaskRowView.swift */,
				11EF87C1292CD2C900021384 /* SingleTaskRowView.swift */,
			);
			path = TaskListViews;
			sourceTree = "<group>";
		};
		C8A1DDD22927838B00FA983B = {
			isa = PBXGroup;
			children = (
				11A2062E292E1E8400611E8D /* PickerFrequency.swift */,
				C81DC5712929182200784D76 /* FrequencyCategoryButtons.swift */,
				C81DC56F292914A900784D76 /* GetRandomTask.swift */,
				C8D919FB2927CDC500955313 /* DisplayTasks.swift */,
				C8D919FD2927D58300955313 /* CategoryButtonView.swift */,
				C8A1DDED292785E400FA983B /* Views */,
				11EF87BD292CCF7400021384 /* Models */,
				11EF87BE292CCF7E00021384 /* ViewModels */,
				C8A1DDDD2927838B00FA983B /* DailyDiscipline */,
				C8A1DDDC2927838B00FA983B /* Products */,
			);
			sourceTree = "<group>";
		};
		C8A1DDDC2927838B00FA983B /* Products */ = {
			isa = PBXGroup;
			children = (
				C8A1DDDB2927838B00FA983B /* DailyDiscipline.app */,
			);
			name = Products;
			sourceTree = "<group>";
		};
		C8A1DDDD2927838B00FA983B /* DailyDiscipline */ = {
			isa = PBXGroup;
			children = (
				C8A1DDDE2927838B00FA983B /* DailyDisciplineApp.swift */,
				C8A1DDE22927838C00FA983B /* Assets.xcassets */,
				C8A1DDE42927838C00FA983B /* Preview Content */,
			);
			path = DailyDiscipline;
			sourceTree = "<group>";
		};
		C8A1DDE42927838C00FA983B /* Preview Content */ = {
			isa = PBXGroup;
			children = (
				C8A1DDE52927838C00FA983B /* Preview Assets.xcassets */,
			);
			path = "Preview Content";
			sourceTree = "<group>";
		};
		C8A1DDED292785E400FA983B /* Views */ = {
			isa = PBXGroup;
			children = (
				C8D919F62927A81800955313 /* SubViews */,
				C8A1DDE02927838B00FA983B /* ContentView.swift */,
				C8A1DDEE2927860700FA983B /* ProfileView.swift */,
				C8A1DDF02927862200FA983B /* AchievementsView.swift */,
				C8A1DDF22927863400FA983B /* TitlesView.swift */,
				C8A1DDF42927864500FA983B /* NewTaskView.swift */,
				C8D919F429278E7700955313 /* SettingsView.swift */,
			);
			path = Views;
			sourceTree = "<group>";
		};
		C8D919F62927A81800955313 /* SubViews */ = {
			isa = PBXGroup;
			children = (
				11EF87C6292CD39400021384 /* TaskListViews */,
				C8D919F72927A86300955313 /* Navbar.swift */,
				C8D919F92927BC9400955313 /* WaveBottom.swift */,
				C81DC56B292908DF00784D76 /* AchievementAmount.swift */,
				C81DC56D29290E4600784D76 /* TitleLayout.swift */,
			);
			path = SubViews;
			sourceTree = "<group>";
		};
/* End PBXGroup section */

/* Begin PBXNativeTarget section */
		C8A1DDDA2927838B00FA983B /* DailyDiscipline */ = {
			isa = PBXNativeTarget;
			buildConfigurationList = C8A1DDE92927838C00FA983B /* Build configuration list for PBXNativeTarget "DailyDiscipline" */;
			buildPhases = (
				C8A1DDD72927838B00FA983B /* Sources */,
				C8A1DDD82927838B00FA983B /* Frameworks */,
				C8A1DDD92927838B00FA983B /* Resources */,
			);
			buildRules = (
			);
			dependencies = (
			);
			name = DailyDiscipline;
			productName = DailyDiscipline;
			productReference = C8A1DDDB2927838B00FA983B /* DailyDiscipline.app */;
			productType = "com.apple.product-type.application";
		};
/* End PBXNativeTarget section */

/* Begin PBXProject section */
		C8A1DDD32927838B00FA983B /* Project object */ = {
			isa = PBXProject;
			attributes = {
				BuildIndependentTargetsInParallel = 1;
				LastSwiftUpdateCheck = 1410;
				LastUpgradeCheck = 1410;
				TargetAttributes = {
					C8A1DDDA2927838B00FA983B = {
						CreatedOnToolsVersion = 14.1;
					};
				};
			};
			buildConfigurationList = C8A1DDD62927838B00FA983B /* Build configuration list for PBXProject "DailyDiscipline" */;
			compatibilityVersion = "Xcode 14.0";
			developmentRegion = en;
			hasScannedForEncodings = 0;
			knownRegions = (
				en,
				Base,
			);
			mainGroup = C8A1DDD22927838B00FA983B;
			productRefGroup = C8A1DDDC2927838B00FA983B /* Products */;
			projectDirPath = "";
			projectRoot = "";
			targets = (
				C8A1DDDA2927838B00FA983B /* DailyDiscipline */,
			);
		};
/* End PBXProject section */

/* Begin PBXResourcesBuildPhase section */
		C8A1DDD92927838B00FA983B /* Resources */ = {
			isa = PBXResourcesBuildPhase;
			buildActionMask = 2147483647;
			files = (
				C8A1DDE62927838C00FA983B /* Preview Assets.xcassets in Resources */,
				C8A1DDE32927838C00FA983B /* Assets.xcassets in Resources */,
			);
			runOnlyForDeploymentPostprocessing = 0;
		};
/* End PBXResourcesBuildPhase section */

/* Begin PBXSourcesBuildPhase section */
		C8A1DDD72927838B00FA983B /* Sources */ = {
			isa = PBXSourcesBuildPhase;
			buildActionMask = 2147483647;
			files = (
				11A2062F292E1E8400611E8D /* PickerFrequency.swift in Sources */,
				C81DC56E29290E4600784D76 /* TitleLayout.swift in Sources */,
				C8D919F529278E7700955313 /* SettingsView.swift in Sources */,
				C8D919F82927A86300955313 /* Navbar.swift in Sources */,
				C8A1DDF12927862200FA983B /* AchievementsView.swift in Sources */,
				C8D919FC2927CDC500955313 /* DisplayTasks.swift in Sources */,
				C8D919FA2927BC9400955313 /* WaveBottom.swift in Sources */,
				C81DC5722929182200784D76 /* FrequencyCategoryButtons.swift in Sources */,
				C8A1DDE12927838B00FA983B /* ContentView.swift in Sources */,
				C8A1DDF52927864500FA983B /* NewTaskView.swift in Sources */,
				C81DC570292914A900784D76 /* GetRandomTask.swift in Sources */,
				C81DC56C292908DF00784D76 /* AchievementAmount.swift in Sources */,
				C8A1DDEF2927860700FA983B /* ProfileView.swift in Sources */,
				C8D919FE2927D58300955313 /* CategoryButtonView.swift in Sources */,
				11EF87C8292CD3BD00021384 /* SingleTaskListViewModel.swift in Sources */,
				C8A1DDF32927863400FA983B /* TitlesView.swift in Sources */,
				11EF87C2292CD2C900021384 /* SingleTaskRowView.swift in Sources */,
				11EF87C0292CCFB000021384 /* TaskModel.swift in Sources */,
				11EF87CC292CFA7F00021384 /* MultipleTaskListViewModel.swift in Sources */,
				C8A1DDDF2927838B00FA983B /* DailyDisciplineApp.swift in Sources */,
				11EF87C4292CD37200021384 /* MultipleTaskRowView.swift in Sources */,
			);
			runOnlyForDeploymentPostprocessing = 0;
		};
/* End PBXSourcesBuildPhase section */

/* Begin XCBuildConfiguration section */
		C8A1DDE72927838C00FA983B /* Debug */ = {
			isa = XCBuildConfiguration;
			buildSettings = {
				ALWAYS_SEARCH_USER_PATHS = NO;
				CLANG_ANALYZER_NONNULL = YES;
				CLANG_ANALYZER_NUMBER_OBJECT_CONVERSION = YES_AGGRESSIVE;
				CLANG_CXX_LANGUAGE_STANDARD = "gnu++20";
				CLANG_ENABLE_MODULES = YES;
				CLANG_ENABLE_OBJC_ARC = YES;
				CLANG_ENABLE_OBJC_WEAK = YES;
				CLANG_WARN_BLOCK_CAPTURE_AUTORELEASING = YES;
				CLANG_WARN_BOOL_CONVERSION = YES;
				CLANG_WARN_COMMA = YES;
				CLANG_WARN_CONSTANT_CONVERSION = YES;
				CLANG_WARN_DEPRECATED_OBJC_IMPLEMENTATIONS = YES;
				CLANG_WARN_DIRECT_OBJC_ISA_USAGE = YES_ERROR;
				CLANG_WARN_DOCUMENTATION_COMMENTS = YES;
				CLANG_WARN_EMPTY_BODY = YES;
				CLANG_WARN_ENUM_CONVERSION = YES;
				CLANG_WARN_INFINITE_RECURSION = YES;
				CLANG_WARN_INT_CONVERSION = YES;
				CLANG_WARN_NON_LITERAL_NULL_CONVERSION = YES;
				CLANG_WARN_OBJC_IMPLICIT_RETAIN_SELF = YES;
				CLANG_WARN_OBJC_LITERAL_CONVERSION = YES;
				CLANG_WARN_OBJC_ROOT_CLASS = YES_ERROR;
				CLANG_WARN_QUOTED_INCLUDE_IN_FRAMEWORK_HEADER = YES;
				CLANG_WARN_RANGE_LOOP_ANALYSIS = YES;
				CLANG_WARN_STRICT_PROTOTYPES = YES;
				CLANG_WARN_SUSPICIOUS_MOVE = YES;
				CLANG_WARN_UNGUARDED_AVAILABILITY = YES_AGGRESSIVE;
				CLANG_WARN_UNREACHABLE_CODE = YES;
				CLANG_WARN__DUPLICATE_METHOD_MATCH = YES;
				COPY_PHASE_STRIP = NO;
				DEBUG_INFORMATION_FORMAT = dwarf;
				ENABLE_STRICT_OBJC_MSGSEND = YES;
				ENABLE_TESTABILITY = YES;
				GCC_C_LANGUAGE_STANDARD = gnu11;
				GCC_DYNAMIC_NO_PIC = NO;
				GCC_NO_COMMON_BLOCKS = YES;
				GCC_OPTIMIZATION_LEVEL = 0;
				GCC_PREPROCESSOR_DEFINITIONS = (
					"DEBUG=1",
					"$(inherited)",
				);
				GCC_WARN_64_TO_32_BIT_CONVERSION = YES;
				GCC_WARN_ABOUT_RETURN_TYPE = YES_ERROR;
				GCC_WARN_UNDECLARED_SELECTOR = YES;
				GCC_WARN_UNINITIALIZED_AUTOS = YES_AGGRESSIVE;
				GCC_WARN_UNUSED_FUNCTION = YES;
				GCC_WARN_UNUSED_VARIABLE = YES;
				IPHONEOS_DEPLOYMENT_TARGET = 16.1;
				MTL_ENABLE_DEBUG_INFO = INCLUDE_SOURCE;
				MTL_FAST_MATH = YES;
				ONLY_ACTIVE_ARCH = YES;
				SDKROOT = iphoneos;
				SWIFT_ACTIVE_COMPILATION_CONDITIONS = DEBUG;
				SWIFT_OPTIMIZATION_LEVEL = "-Onone";
			};
			name = Debug;
		};
		C8A1DDE82927838C00FA983B /* Release */ = {
			isa = XCBuildConfiguration;
			buildSettings = {
				ALWAYS_SEARCH_USER_PATHS = NO;
				CLANG_ANALYZER_NONNULL = YES;
				CLANG_ANALYZER_NUMBER_OBJECT_CONVERSION = YES_AGGRESSIVE;
				CLANG_CXX_LANGUAGE_STANDARD = "gnu++20";
				CLANG_ENABLE_MODULES = YES;
				CLANG_ENABLE_OBJC_ARC = YES;
				CLANG_ENABLE_OBJC_WEAK = YES;
				CLANG_WARN_BLOCK_CAPTURE_AUTORELEASING = YES;
				CLANG_WARN_BOOL_CONVERSION = YES;
				CLANG_WARN_COMMA = YES;
				CLANG_WARN_CONSTANT_CONVERSION = YES;
				CLANG_WARN_DEPRECATED_OBJC_IMPLEMENTATIONS = YES;
				CLANG_WARN_DIRECT_OBJC_ISA_USAGE = YES_ERROR;
				CLANG_WARN_DOCUMENTATION_COMMENTS = YES;
				CLANG_WARN_EMPTY_BODY = YES;
				CLANG_WARN_ENUM_CONVERSION = YES;
				CLANG_WARN_INFINITE_RECURSION = YES;
				CLANG_WARN_INT_CONVERSION = YES;
				CLANG_WARN_NON_LITERAL_NULL_CONVERSION = YES;
				CLANG_WARN_OBJC_IMPLICIT_RETAIN_SELF = YES;
				CLANG_WARN_OBJC_LITERAL_CONVERSION = YES;
				CLANG_WARN_OBJC_ROOT_CLASS = YES_ERROR;
				CLANG_WARN_QUOTED_INCLUDE_IN_FRAMEWORK_HEADER = YES;
				CLANG_WARN_RANGE_LOOP_ANALYSIS = YES;
				CLANG_WARN_STRICT_PROTOTYPES = YES;
				CLANG_WARN_SUSPICIOUS_MOVE = YES;
				CLANG_WARN_UNGUARDED_AVAILABILITY = YES_AGGRESSIVE;
				CLANG_WARN_UNREACHABLE_CODE = YES;
				CLANG_WARN__DUPLICATE_METHOD_MATCH = YES;
				COPY_PHASE_STRIP = NO;
				DEBUG_INFORMATION_FORMAT = "dwarf-with-dsym";
				ENABLE_NS_ASSERTIONS = NO;
				ENABLE_STRICT_OBJC_MSGSEND = YES;
				GCC_C_LANGUAGE_STANDARD = gnu11;
				GCC_NO_COMMON_BLOCKS = YES;
				GCC_WARN_64_TO_32_BIT_CONVERSION = YES;
				GCC_WARN_ABOUT_RETURN_TYPE = YES_ERROR;
				GCC_WARN_UNDECLARED_SELECTOR = YES;
				GCC_WARN_UNINITIALIZED_AUTOS = YES_AGGRESSIVE;
				GCC_WARN_UNUSED_FUNCTION = YES;
				GCC_WARN_UNUSED_VARIABLE = YES;
				IPHONEOS_DEPLOYMENT_TARGET = 16.1;
				MTL_ENABLE_DEBUG_INFO = NO;
				MTL_FAST_MATH = YES;
				SDKROOT = iphoneos;
				SWIFT_COMPILATION_MODE = wholemodule;
				SWIFT_OPTIMIZATION_LEVEL = "-O";
				VALIDATE_PRODUCT = YES;
			};
			name = Release;
		};
		C8A1DDEA2927838C00FA983B /* Debug */ = {
			isa = XCBuildConfiguration;
			buildSettings = {
				ASSETCATALOG_COMPILER_APPICON_NAME = AppIcon;
				ASSETCATALOG_COMPILER_GLOBAL_ACCENT_COLOR_NAME = AccentColor;
				CODE_SIGN_STYLE = Automatic;
				CURRENT_PROJECT_VERSION = 1;
				DEVELOPMENT_ASSET_PATHS = "\"DailyDiscipline/Preview Content\"";
				ENABLE_PREVIEWS = YES;
				GENERATE_INFOPLIST_FILE = YES;
				INFOPLIST_KEY_UIApplicationSceneManifest_Generation = YES;
				INFOPLIST_KEY_UIApplicationSupportsIndirectInputEvents = YES;
				INFOPLIST_KEY_UILaunchScreen_Generation = YES;
				INFOPLIST_KEY_UISupportedInterfaceOrientations_iPad = "UIInterfaceOrientationPortrait UIInterfaceOrientationPortraitUpsideDown UIInterfaceOrientationLandscapeLeft UIInterfaceOrientationLandscapeRight";
				INFOPLIST_KEY_UISupportedInterfaceOrientations_iPhone = "UIInterfaceOrientationPortrait UIInterfaceOrientationLandscapeLeft UIInterfaceOrientationLandscapeRight";
				LD_RUNPATH_SEARCH_PATHS = (
					"$(inherited)",
					"@executable_path/Frameworks",
				);
				MARKETING_VERSION = 1.0;
				PRODUCT_BUNDLE_IDENTIFIER = JTH.DailyDiscipline;
				PRODUCT_NAME = "$(TARGET_NAME)";
				SWIFT_EMIT_LOC_STRINGS = YES;
				SWIFT_VERSION = 5.0;
				TARGETED_DEVICE_FAMILY = "1,2";
			};
			name = Debug;
		};
		C8A1DDEB2927838C00FA983B /* Release */ = {
			isa = XCBuildConfiguration;
			buildSettings = {
				ASSETCATALOG_COMPILER_APPICON_NAME = AppIcon;
				ASSETCATALOG_COMPILER_GLOBAL_ACCENT_COLOR_NAME = AccentColor;
				CODE_SIGN_STYLE = Automatic;
				CURRENT_PROJECT_VERSION = 1;
				DEVELOPMENT_ASSET_PATHS = "\"DailyDiscipline/Preview Content\"";
				ENABLE_PREVIEWS = YES;
				GENERATE_INFOPLIST_FILE = YES;
				INFOPLIST_KEY_UIApplicationSceneManifest_Generation = YES;
				INFOPLIST_KEY_UIApplicationSupportsIndirectInputEvents = YES;
				INFOPLIST_KEY_UILaunchScreen_Generation = YES;
				INFOPLIST_KEY_UISupportedInterfaceOrientations_iPad = "UIInterfaceOrientationPortrait UIInterfaceOrientationPortraitUpsideDown UIInterfaceOrientationLandscapeLeft UIInterfaceOrientationLandscapeRight";
				INFOPLIST_KEY_UISupportedInterfaceOrientations_iPhone = "UIInterfaceOrientationPortrait UIInterfaceOrientationLandscapeLeft UIInterfaceOrientationLandscapeRight";
				LD_RUNPATH_SEARCH_PATHS = (
					"$(inherited)",
					"@executable_path/Frameworks",
				);
				MARKETING_VERSION = 1.0;
				PRODUCT_BUNDLE_IDENTIFIER = JTH.DailyDiscipline;
				PRODUCT_NAME = "$(TARGET_NAME)";
				SWIFT_EMIT_LOC_STRINGS = YES;
				SWIFT_VERSION = 5.0;
				TARGETED_DEVICE_FAMILY = "1,2";
			};
			name = Release;
		};
/* End XCBuildConfiguration section */

/* Begin XCConfigurationList section */
		C8A1DDD62927838B00FA983B /* Build configuration list for PBXProject "DailyDiscipline" */ = {
			isa = XCConfigurationList;
			buildConfigurations = (
				C8A1DDE72927838C00FA983B /* Debug */,
				C8A1DDE82927838C00FA983B /* Release */,
			);
			defaultConfigurationIsVisible = 0;
			defaultConfigurationName = Release;
		};
		C8A1DDE92927838C00FA983B /* Build configuration list for PBXNativeTarget "DailyDiscipline" */ = {
			isa = XCConfigurationList;
			buildConfigurations = (
				C8A1DDEA2927838C00FA983B /* Debug */,
				C8A1DDEB2927838C00FA983B /* Release */,
			);
			defaultConfigurationIsVisible = 0;
			defaultConfigurationName = Release;
		};
/* End XCConfigurationList section */
	};
	rootObject = C8A1DDD32927838B00FA983B /* Project object */;
}
