// !$*UTF8*$!
{
	archiveVersion = 1;
	classes = {
	};
	objectVersion = 56;
	objects = {

/* Begin PBXBuildFile section */
		11D1E1BE29420B62001C90B5 /* DailyDisciplineTests.swift in Sources */ = {isa = PBXBuildFile; fileRef = 11D1E1BD29420B62001C90B5 /* DailyDisciplineTests.swift */; };
		C84F100A2940AA3400778541 /* ToolBarView.swift in Sources */ = {isa = PBXBuildFile; fileRef = C84F10092940AA3400778541 /* ToolBarView.swift */; };
		C86BAC3E293F78B7007E76DA /* ProfileView.swift in Sources */ = {isa = PBXBuildFile; fileRef = C86BAC3D293F78B7007E76DA /* ProfileView.swift */; };
		C86BAC40293F8004007E76DA /* UserLevelViewModel.swift in Sources */ = {isa = PBXBuildFile; fileRef = C86BAC3F293F8004007E76DA /* UserLevelViewModel.swift */; };
		C86BAC42293F80DD007E76DA /* CoreDataManagerUserLevel.swift in Sources */ = {isa = PBXBuildFile; fileRef = C86BAC41293F80DD007E76DA /* CoreDataManagerUserLevel.swift */; };
		C86BAC46293F8577007E76DA /* DateView.swift in Sources */ = {isa = PBXBuildFile; fileRef = C86BAC45293F8577007E76DA /* DateView.swift */; };
		C86BAC4B293FA131007E76DA /* LevelBarView.swift in Sources */ = {isa = PBXBuildFile; fileRef = C86BAC4A293FA131007E76DA /* LevelBarView.swift */; };
		C86BAC4D293FA2A0007E76DA /* ProfileButtonsView.swift in Sources */ = {isa = PBXBuildFile; fileRef = C86BAC4C293FA2A0007E76DA /* ProfileButtonsView.swift */; };
		C86BAC4F293FA583007E76DA /* AchievementView.swift in Sources */ = {isa = PBXBuildFile; fileRef = C86BAC4E293FA583007E76DA /* AchievementView.swift */; };
		C86BAC51293FA623007E76DA /* TitleView.swift in Sources */ = {isa = PBXBuildFile; fileRef = C86BAC50293FA623007E76DA /* TitleView.swift */; };
		C891DD522941F4DF001D26A2 /* ApiSubmitButton.swift in Sources */ = {isa = PBXBuildFile; fileRef = C891DD512941F4DF001D26A2 /* ApiSubmitButton.swift */; };
		C891DD542941F50A001D26A2 /* PresetSubmitButton.swift in Sources */ = {isa = PBXBuildFile; fileRef = C891DD532941F50A001D26A2 /* PresetSubmitButton.swift */; };
		C891DD562941F523001D26A2 /* RegularSubmitButton.swift in Sources */ = {isa = PBXBuildFile; fileRef = C891DD552941F523001D26A2 /* RegularSubmitButton.swift */; };
		C8A1DDDF2927838B00FA983B /* DailyDisciplineApp.swift in Sources */ = {isa = PBXBuildFile; fileRef = C8A1DDDE2927838B00FA983B /* DailyDisciplineApp.swift */; };
		C8A1DDE32927838C00FA983B /* Assets.xcassets in Resources */ = {isa = PBXBuildFile; fileRef = C8A1DDE22927838C00FA983B /* Assets.xcassets */; };
		C8A1DDE62927838C00FA983B /* Preview Assets.xcassets in Resources */ = {isa = PBXBuildFile; fileRef = C8A1DDE52927838C00FA983B /* Preview Assets.xcassets */; };
		C8A7B6132940EE7E008016D6 /* NewDateModel.swift in Sources */ = {isa = PBXBuildFile; fileRef = C8A7B6122940EE7E008016D6 /* NewDateModel.swift */; };
		C8A7B61529411481008016D6 /* AddNewTaskButton.swift in Sources */ = {isa = PBXBuildFile; fileRef = C8A7B61429411481008016D6 /* AddNewTaskButton.swift */; };
		C8A7B617294119F9008016D6 /* TaskObjectView.swift in Sources */ = {isa = PBXBuildFile; fileRef = C8A7B616294119F9008016D6 /* TaskObjectView.swift */; };
		C8A7B61929411A3F008016D6 /* BackgroundImageView.swift in Sources */ = {isa = PBXBuildFile; fileRef = C8A7B61829411A3F008016D6 /* BackgroundImageView.swift */; };
		C8A7B61C29411ACF008016D6 /* StoredData.swift in Sources */ = {isa = PBXBuildFile; fileRef = C8A7B61B29411ACF008016D6 /* StoredData.swift */; };
		C8A7B620294125BB008016D6 /* TextFieldView.swift in Sources */ = {isa = PBXBuildFile; fileRef = C8A7B61F294125BB008016D6 /* TextFieldView.swift */; };
		C8A7B622294125DF008016D6 /* ChoosePresetCategoryButton.swift in Sources */ = {isa = PBXBuildFile; fileRef = C8A7B621294125DF008016D6 /* ChoosePresetCategoryButton.swift */; };
		C8A7B624294125FB008016D6 /* PresetTasksView.swift in Sources */ = {isa = PBXBuildFile; fileRef = C8A7B623294125FB008016D6 /* PresetTasksView.swift */; };
		C8A7B62629412613008016D6 /* PresetCategoryView.swift in Sources */ = {isa = PBXBuildFile; fileRef = C8A7B62529412613008016D6 /* PresetCategoryView.swift */; };
		C8A7B62929412CD7008016D6 /* AchievementListView.swift in Sources */ = {isa = PBXBuildFile; fileRef = C8A7B62829412CD7008016D6 /* AchievementListView.swift */; };
		C8A7B62C29412F6B008016D6 /* TitleListView.swift in Sources */ = {isa = PBXBuildFile; fileRef = C8A7B62B29412F6B008016D6 /* TitleListView.swift */; };
		C8A7B62F2941365E008016D6 /* ApiDataModel.swift in Sources */ = {isa = PBXBuildFile; fileRef = C8A7B62E2941365E008016D6 /* ApiDataModel.swift */; };
		C8A7B6312941506E008016D6 /* ApiCategoryView.swift in Sources */ = {isa = PBXBuildFile; fileRef = C8A7B6302941506E008016D6 /* ApiCategoryView.swift */; };
		C8A7B633294150A5008016D6 /* GetRandomTaskButton.swift in Sources */ = {isa = PBXBuildFile; fileRef = C8A7B632294150A5008016D6 /* GetRandomTaskButton.swift */; };
		C8FCDAAB293F6022008AFFDB /* ContentView.swift in Sources */ = {isa = PBXBuildFile; fileRef = C8FCDAAA293F6022008AFFDB /* ContentView.swift */; };
		C8FCDAAF293F60A0008AFFDB /* Persistance.swift in Sources */ = {isa = PBXBuildFile; fileRef = C8FCDAAE293F60A0008AFFDB /* Persistance.swift */; };
		C8FCDAB1293F60C1008AFFDB /* NewTaskObjectView.swift in Sources */ = {isa = PBXBuildFile; fileRef = C8FCDAB0293F60C1008AFFDB /* NewTaskObjectView.swift */; };
		C8FCDAB3293F60DB008AFFDB /* PickerFrequency.swift in Sources */ = {isa = PBXBuildFile; fileRef = C8FCDAB2293F60DB008AFFDB /* PickerFrequency.swift */; };
		C8FCDAB5293F60EF008AFFDB /* CategoryToImage.swift in Sources */ = {isa = PBXBuildFile; fileRef = C8FCDAB4293F60EF008AFFDB /* CategoryToImage.swift */; };
		C8FCDAB7293F6112008AFFDB /* CoreDataManagerTaskObject.swift in Sources */ = {isa = PBXBuildFile; fileRef = C8FCDAB6293F6112008AFFDB /* CoreDataManagerTaskObject.swift */; };
		C8FCDAB9293F6144008AFFDB /* TaskObjectViewModel.swift in Sources */ = {isa = PBXBuildFile; fileRef = C8FCDAB8293F6144008AFFDB /* TaskObjectViewModel.swift */; };
		C8FCDABC293F6211008AFFDB /* CoreDataContainer.xcdatamodeld in Sources */ = {isa = PBXBuildFile; fileRef = C8FCDABA293F6211008AFFDB /* CoreDataContainer.xcdatamodeld */; };
/* End PBXBuildFile section */

/* Begin PBXContainerItemProxy section */
		11D1E1BF29420B62001C90B5 /* PBXContainerItemProxy */ = {
			isa = PBXContainerItemProxy;
			containerPortal = C8A1DDD32927838B00FA983B /* Project object */;
			proxyType = 1;
			remoteGlobalIDString = C8A1DDDA2927838B00FA983B;
			remoteInfo = DailyDiscipline;
		};
/* End PBXContainerItemProxy section */

/* Begin PBXFileReference section */
		11D1E1BB29420B62001C90B5 /* DailyDisciplineTests.xctest */ = {isa = PBXFileReference; explicitFileType = wrapper.cfbundle; includeInIndex = 0; path = DailyDisciplineTests.xctest; sourceTree = BUILT_PRODUCTS_DIR; };
		11D1E1BD29420B62001C90B5 /* DailyDisciplineTests.swift */ = {isa = PBXFileReference; lastKnownFileType = sourcecode.swift; path = DailyDisciplineTests.swift; sourceTree = "<group>"; };
		C84F10092940AA3400778541 /* ToolBarView.swift */ = {isa = PBXFileReference; lastKnownFileType = sourcecode.swift; path = ToolBarView.swift; sourceTree = "<group>"; };
		C86BAC3D293F78B7007E76DA /* ProfileView.swift */ = {isa = PBXFileReference; lastKnownFileType = sourcecode.swift; path = ProfileView.swift; sourceTree = "<group>"; };
		C86BAC3F293F8004007E76DA /* UserLevelViewModel.swift */ = {isa = PBXFileReference; lastKnownFileType = sourcecode.swift; path = UserLevelViewModel.swift; sourceTree = "<group>"; };
		C86BAC41293F80DD007E76DA /* CoreDataManagerUserLevel.swift */ = {isa = PBXFileReference; lastKnownFileType = sourcecode.swift; path = CoreDataManagerUserLevel.swift; sourceTree = "<group>"; };
		C86BAC45293F8577007E76DA /* DateView.swift */ = {isa = PBXFileReference; lastKnownFileType = sourcecode.swift; path = DateView.swift; sourceTree = "<group>"; };
		C86BAC4A293FA131007E76DA /* LevelBarView.swift */ = {isa = PBXFileReference; lastKnownFileType = sourcecode.swift; path = LevelBarView.swift; sourceTree = "<group>"; };
		C86BAC4C293FA2A0007E76DA /* ProfileButtonsView.swift */ = {isa = PBXFileReference; lastKnownFileType = sourcecode.swift; path = ProfileButtonsView.swift; sourceTree = "<group>"; };
		C86BAC4E293FA583007E76DA /* AchievementView.swift */ = {isa = PBXFileReference; lastKnownFileType = sourcecode.swift; path = AchievementView.swift; sourceTree = "<group>"; };
		C86BAC50293FA623007E76DA /* TitleView.swift */ = {isa = PBXFileReference; lastKnownFileType = sourcecode.swift; path = TitleView.swift; sourceTree = "<group>"; };
		C891DD512941F4DF001D26A2 /* ApiSubmitButton.swift */ = {isa = PBXFileReference; lastKnownFileType = sourcecode.swift; path = ApiSubmitButton.swift; sourceTree = "<group>"; };
		C891DD532941F50A001D26A2 /* PresetSubmitButton.swift */ = {isa = PBXFileReference; lastKnownFileType = sourcecode.swift; path = PresetSubmitButton.swift; sourceTree = "<group>"; };
		C891DD552941F523001D26A2 /* RegularSubmitButton.swift */ = {isa = PBXFileReference; lastKnownFileType = sourcecode.swift; path = RegularSubmitButton.swift; sourceTree = "<group>"; };
		C8A1DDDB2927838B00FA983B /* DailyDiscipline.app */ = {isa = PBXFileReference; explicitFileType = wrapper.application; includeInIndex = 0; path = DailyDiscipline.app; sourceTree = BUILT_PRODUCTS_DIR; };
		C8A1DDDE2927838B00FA983B /* DailyDisciplineApp.swift */ = {isa = PBXFileReference; lastKnownFileType = sourcecode.swift; path = DailyDisciplineApp.swift; sourceTree = "<group>"; };
		C8A1DDE22927838C00FA983B /* Assets.xcassets */ = {isa = PBXFileReference; lastKnownFileType = folder.assetcatalog; path = Assets.xcassets; sourceTree = "<group>"; };
		C8A1DDE52927838C00FA983B /* Preview Assets.xcassets */ = {isa = PBXFileReference; lastKnownFileType = folder.assetcatalog; path = "Preview Assets.xcassets"; sourceTree = "<group>"; };
		C8A7B6122940EE7E008016D6 /* NewDateModel.swift */ = {isa = PBXFileReference; lastKnownFileType = sourcecode.swift; path = NewDateModel.swift; sourceTree = "<group>"; };
		C8A7B61429411481008016D6 /* AddNewTaskButton.swift */ = {isa = PBXFileReference; lastKnownFileType = sourcecode.swift; path = AddNewTaskButton.swift; sourceTree = "<group>"; };
		C8A7B616294119F9008016D6 /* TaskObjectView.swift */ = {isa = PBXFileReference; lastKnownFileType = sourcecode.swift; path = TaskObjectView.swift; sourceTree = "<group>"; };
		C8A7B61829411A3F008016D6 /* BackgroundImageView.swift */ = {isa = PBXFileReference; lastKnownFileType = sourcecode.swift; path = BackgroundImageView.swift; sourceTree = "<group>"; };
		C8A7B61B29411ACF008016D6 /* StoredData.swift */ = {isa = PBXFileReference; lastKnownFileType = sourcecode.swift; path = StoredData.swift; sourceTree = "<group>"; };
		C8A7B61F294125BB008016D6 /* TextFieldView.swift */ = {isa = PBXFileReference; lastKnownFileType = sourcecode.swift; path = TextFieldView.swift; sourceTree = "<group>"; };
		C8A7B621294125DF008016D6 /* ChoosePresetCategoryButton.swift */ = {isa = PBXFileReference; lastKnownFileType = sourcecode.swift; path = ChoosePresetCategoryButton.swift; sourceTree = "<group>"; };
		C8A7B623294125FB008016D6 /* PresetTasksView.swift */ = {isa = PBXFileReference; lastKnownFileType = sourcecode.swift; path = PresetTasksView.swift; sourceTree = "<group>"; };
		C8A7B62529412613008016D6 /* PresetCategoryView.swift */ = {isa = PBXFileReference; lastKnownFileType = sourcecode.swift; path = PresetCategoryView.swift; sourceTree = "<group>"; };
		C8A7B62829412CD7008016D6 /* AchievementListView.swift */ = {isa = PBXFileReference; lastKnownFileType = sourcecode.swift; path = AchievementListView.swift; sourceTree = "<group>"; };
		C8A7B62B29412F6B008016D6 /* TitleListView.swift */ = {isa = PBXFileReference; lastKnownFileType = sourcecode.swift; path = TitleListView.swift; sourceTree = "<group>"; };
		C8A7B62E2941365E008016D6 /* ApiDataModel.swift */ = {isa = PBXFileReference; lastKnownFileType = sourcecode.swift; path = ApiDataModel.swift; sourceTree = "<group>"; };
		C8A7B6302941506E008016D6 /* ApiCategoryView.swift */ = {isa = PBXFileReference; lastKnownFileType = sourcecode.swift; path = ApiCategoryView.swift; sourceTree = "<group>"; };
		C8A7B632294150A5008016D6 /* GetRandomTaskButton.swift */ = {isa = PBXFileReference; lastKnownFileType = sourcecode.swift; path = GetRandomTaskButton.swift; sourceTree = "<group>"; };
		C8FCDAAA293F6022008AFFDB /* ContentView.swift */ = {isa = PBXFileReference; lastKnownFileType = sourcecode.swift; path = ContentView.swift; sourceTree = "<group>"; };
		C8FCDAAE293F60A0008AFFDB /* Persistance.swift */ = {isa = PBXFileReference; lastKnownFileType = sourcecode.swift; path = Persistance.swift; sourceTree = "<group>"; };
		C8FCDAB0293F60C1008AFFDB /* NewTaskObjectView.swift */ = {isa = PBXFileReference; lastKnownFileType = sourcecode.swift; path = NewTaskObjectView.swift; sourceTree = "<group>"; };
		C8FCDAB2293F60DB008AFFDB /* PickerFrequency.swift */ = {isa = PBXFileReference; lastKnownFileType = sourcecode.swift; path = PickerFrequency.swift; sourceTree = "<group>"; };
		C8FCDAB4293F60EF008AFFDB /* CategoryToImage.swift */ = {isa = PBXFileReference; lastKnownFileType = sourcecode.swift; path = CategoryToImage.swift; sourceTree = "<group>"; };
		C8FCDAB6293F6112008AFFDB /* CoreDataManagerTaskObject.swift */ = {isa = PBXFileReference; lastKnownFileType = sourcecode.swift; path = CoreDataManagerTaskObject.swift; sourceTree = "<group>"; };
		C8FCDAB8293F6144008AFFDB /* TaskObjectViewModel.swift */ = {isa = PBXFileReference; lastKnownFileType = sourcecode.swift; path = TaskObjectViewModel.swift; sourceTree = "<group>"; };
		C8FCDABB293F6211008AFFDB /* CoreDataContainer.xcdatamodel */ = {isa = PBXFileReference; lastKnownFileType = wrapper.xcdatamodel; path = CoreDataContainer.xcdatamodel; sourceTree = "<group>"; };
/* End PBXFileReference section */

/* Begin PBXFrameworksBuildPhase section */
		11D1E1B829420B62001C90B5 /* Frameworks */ = {
			isa = PBXFrameworksBuildPhase;
			buildActionMask = 2147483647;
			files = (
			);
			runOnlyForDeploymentPostprocessing = 0;
		};
		C8A1DDD82927838B00FA983B /* Frameworks */ = {
			isa = PBXFrameworksBuildPhase;
			buildActionMask = 2147483647;
			files = (
			);
			runOnlyForDeploymentPostprocessing = 0;
		};
/* End PBXFrameworksBuildPhase section */

/* Begin PBXGroup section */
		11D1E1BC29420B62001C90B5 /* DailyDisciplineTests */ = {
			isa = PBXGroup;
			children = (
				11D1E1BD29420B62001C90B5 /* DailyDisciplineTests.swift */,
			);
			path = DailyDisciplineTests;
			sourceTree = "<group>";
		};
		C86BAC39293F73B3007E76DA /* Views */ = {
			isa = PBXGroup;
			children = (
				C86BAC53293FAA94007E76DA /* ContentView */,
				C86BAC52293FAA7C007E76DA /* NewTaskObjectView */,
				C86BAC54293FAAB2007E76DA /* ProfileView */,
				C86BAC56293FAAE2007E76DA /* AchievementView */,
				C86BAC55293FAAD4007E76DA /* TitleView */,
				C86BAC3A293F73B9007E76DA /* GlobalSubViews */,
			);
			path = Views;
			sourceTree = "<group>";
		};
		C86BAC3A293F73B9007E76DA /* GlobalSubViews */ = {
			isa = PBXGroup;
			children = (
				C8A7B61B29411ACF008016D6 /* StoredData.swift */,
				C8FCDAB2293F60DB008AFFDB /* PickerFrequency.swift */,
				C8A7B61829411A3F008016D6 /* BackgroundImageView.swift */,
				C84F10092940AA3400778541 /* ToolBarView.swift */,
			);
			path = GlobalSubViews;
			sourceTree = "<group>";
		};
		C86BAC3B293F73C9007E76DA /* CoreData */ = {
			isa = PBXGroup;
			children = (
				C8FCDABA293F6211008AFFDB /* CoreDataContainer.xcdatamodeld */,
				C8FCDAAE293F60A0008AFFDB /* Persistance.swift */,
				C8FCDAB6293F6112008AFFDB /* CoreDataManagerTaskObject.swift */,
				C86BAC41293F80DD007E76DA /* CoreDataManagerUserLevel.swift */,
			);
			path = CoreData;
			sourceTree = "<group>";
		};
		C86BAC3C293F73DD007E76DA /* Model */ = {
			isa = PBXGroup;
			children = (
				C8FCDAB4293F60EF008AFFDB /* CategoryToImage.swift */,
				C8FCDAB8293F6144008AFFDB /* TaskObjectViewModel.swift */,
				C86BAC3F293F8004007E76DA /* UserLevelViewModel.swift */,
				C8A7B6122940EE7E008016D6 /* NewDateModel.swift */,
				C86BAC3B293F73C9007E76DA /* CoreData */,
			);
			path = Model;
			sourceTree = "<group>";
		};
		C86BAC44293F853F007E76DA /* ContentViewSubViews */ = {
			isa = PBXGroup;
			children = (
				C86BAC45293F8577007E76DA /* DateView.swift */,
				C8A7B61429411481008016D6 /* AddNewTaskButton.swift */,
				C8A7B616294119F9008016D6 /* TaskObjectView.swift */,
			);
			path = ContentViewSubViews;
			sourceTree = "<group>";
		};
		C86BAC49293F9820007E76DA /* ProfileSubViews */ = {
			isa = PBXGroup;
			children = (
				C86BAC4A293FA131007E76DA /* LevelBarView.swift */,
				C86BAC4C293FA2A0007E76DA /* ProfileButtonsView.swift */,
			);
			path = ProfileSubViews;
			sourceTree = "<group>";
		};
		C86BAC52293FAA7C007E76DA /* NewTaskObjectView */ = {
			isa = PBXGroup;
			children = (
				C8FCDAB0293F60C1008AFFDB /* NewTaskObjectView.swift */,
				C8A7B61A29411AB3008016D6 /* NewTaskObjectSubViews */,
			);
			path = NewTaskObjectView;
			sourceTree = "<group>";
		};
		C86BAC53293FAA94007E76DA /* ContentView */ = {
			isa = PBXGroup;
			children = (
				C8FCDAAA293F6022008AFFDB /* ContentView.swift */,
				C86BAC44293F853F007E76DA /* ContentViewSubViews */,
			);
			path = ContentView;
			sourceTree = "<group>";
		};
		C86BAC54293FAAB2007E76DA /* ProfileView */ = {
			isa = PBXGroup;
			children = (
				C86BAC3D293F78B7007E76DA /* ProfileView.swift */,
				C86BAC49293F9820007E76DA /* ProfileSubViews */,
			);
			path = ProfileView;
			sourceTree = "<group>";
		};
		C86BAC55293FAAD4007E76DA /* TitleView */ = {
			isa = PBXGroup;
			children = (
				C86BAC50293FA623007E76DA /* TitleView.swift */,
				C8A7B62A29412F59008016D6 /* TitleSubViews */,
			);
			path = TitleView;
			sourceTree = "<group>";
		};
		C86BAC56293FAAE2007E76DA /* AchievementView */ = {
			isa = PBXGroup;
			children = (
				C86BAC4E293FA583007E76DA /* AchievementView.swift */,
				C8A7B62729412CB7008016D6 /* AchievementSubViews */,
			);
			path = AchievementView;
			sourceTree = "<group>";
		};
		C8A1DDD22927838B00FA983B = {
			isa = PBXGroup;
			children = (
				C8A1DDDD2927838B00FA983B /* DailyDiscipline */,
				11D1E1BC29420B62001C90B5 /* DailyDisciplineTests */,
				C8A1DDDC2927838B00FA983B /* Products */,
			);
			sourceTree = "<group>";
		};
		C8A1DDDC2927838B00FA983B /* Products */ = {
			isa = PBXGroup;
			children = (
				C8A1DDDB2927838B00FA983B /* DailyDiscipline.app */,
				11D1E1BB29420B62001C90B5 /* DailyDisciplineTests.xctest */,
			);
			name = Products;
			sourceTree = "<group>";
		};
		C8A1DDDD2927838B00FA983B /* DailyDiscipline */ = {
			isa = PBXGroup;
			children = (
				C8A7B62D29413639008016D6 /* API */,
				C86BAC39293F73B3007E76DA /* Views */,
				C86BAC3C293F73DD007E76DA /* Model */,
				C8A1DDDE2927838B00FA983B /* DailyDisciplineApp.swift */,
				C8A1DDE22927838C00FA983B /* Assets.xcassets */,
				C8A1DDE42927838C00FA983B /* Preview Content */,
			);
			path = DailyDiscipline;
			sourceTree = "<group>";
		};
		C8A1DDE42927838C00FA983B /* Preview Content */ = {
			isa = PBXGroup;
			children = (
				C8A1DDE52927838C00FA983B /* Preview Assets.xcassets */,
			);
			path = "Preview Content";
			sourceTree = "<group>";
		};
		C8A7B61A29411AB3008016D6 /* NewTaskObjectSubViews */ = {
			isa = PBXGroup;
			children = (
				C8A7B621294125DF008016D6 /* ChoosePresetCategoryButton.swift */,
				C8A7B61F294125BB008016D6 /* TextFieldView.swift */,
				C8A7B62529412613008016D6 /* PresetCategoryView.swift */,
				C8A7B623294125FB008016D6 /* PresetTasksView.swift */,
				C891DD512941F4DF001D26A2 /* ApiSubmitButton.swift */,
				C891DD532941F50A001D26A2 /* PresetSubmitButton.swift */,
				C891DD552941F523001D26A2 /* RegularSubmitButton.swift */,
			);
			path = NewTaskObjectSubViews;
			sourceTree = "<group>";
		};
		C8A7B62729412CB7008016D6 /* AchievementSubViews */ = {
			isa = PBXGroup;
			children = (
				C8A7B62829412CD7008016D6 /* AchievementListView.swift */,
			);
			path = AchievementSubViews;
			sourceTree = "<group>";
		};
		C8A7B62A29412F59008016D6 /* TitleSubViews */ = {
			isa = PBXGroup;
			children = (
				C8A7B62B29412F6B008016D6 /* TitleListView.swift */,
			);
			path = TitleSubViews;
			sourceTree = "<group>";
		};
		C8A7B62D29413639008016D6 /* API */ = {
			isa = PBXGroup;
			children = (
				C8A7B62E2941365E008016D6 /* ApiDataModel.swift */,
				C8A7B6302941506E008016D6 /* ApiCategoryView.swift */,
				C8A7B632294150A5008016D6 /* GetRandomTaskButton.swift */,
			);
			path = API;
			sourceTree = "<group>";
		};
/* End PBXGroup section */

/* Begin PBXNativeTarget section */
		11D1E1BA29420B62001C90B5 /* DailyDisciplineTests */ = {
			isa = PBXNativeTarget;
			buildConfigurationList = 11D1E1C329420B62001C90B5 /* Build configuration list for PBXNativeTarget "DailyDisciplineTests" */;
			buildPhases = (
				11D1E1B729420B62001C90B5 /* Sources */,
				11D1E1B829420B62001C90B5 /* Frameworks */,
				11D1E1B929420B62001C90B5 /* Resources */,
			);
			buildRules = (
			);
			dependencies = (
				11D1E1C029420B62001C90B5 /* PBXTargetDependency */,
			);
			name = DailyDisciplineTests;
			productName = DailyDisciplineTests;
			productReference = 11D1E1BB29420B62001C90B5 /* DailyDisciplineTests.xctest */;
			productType = "com.apple.product-type.bundle.unit-test";
		};
		C8A1DDDA2927838B00FA983B /* DailyDiscipline */ = {
			isa = PBXNativeTarget;
			buildConfigurationList = C8A1DDE92927838C00FA983B /* Build configuration list for PBXNativeTarget "DailyDiscipline" */;
			buildPhases = (
				C8A1DDD72927838B00FA983B /* Sources */,
				C8A1DDD82927838B00FA983B /* Frameworks */,
				C8A1DDD92927838B00FA983B /* Resources */,
			);
			buildRules = (
			);
			dependencies = (
			);
			name = DailyDiscipline;
			productName = DailyDiscipline;
			productReference = C8A1DDDB2927838B00FA983B /* DailyDiscipline.app */;
			productType = "com.apple.product-type.application";
		};
/* End PBXNativeTarget section */

/* Begin PBXProject section */
		C8A1DDD32927838B00FA983B /* Project object */ = {
			isa = PBXProject;
			attributes = {
				BuildIndependentTargetsInParallel = 1;
				LastSwiftUpdateCheck = 1410;
				LastUpgradeCheck = 1410;
				TargetAttributes = {
					11D1E1BA29420B62001C90B5 = {
						CreatedOnToolsVersion = 14.1;
						TestTargetID = C8A1DDDA2927838B00FA983B;
					};
					C8A1DDDA2927838B00FA983B = {
						CreatedOnToolsVersion = 14.1;
					};
				};
			};
			buildConfigurationList = C8A1DDD62927838B00FA983B /* Build configuration list for PBXProject "DailyDiscipline" */;
			compatibilityVersion = "Xcode 14.0";
			developmentRegion = en;
			hasScannedForEncodings = 0;
			knownRegions = (
				en,
				Base,
			);
			mainGroup = C8A1DDD22927838B00FA983B;
			productRefGroup = C8A1DDDC2927838B00FA983B /* Products */;
			projectDirPath = "";
			projectRoot = "";
			targets = (
				C8A1DDDA2927838B00FA983B /* DailyDiscipline */,
				11D1E1BA29420B62001C90B5 /* DailyDisciplineTests */,
			);
		};
/* End PBXProject section */

/* Begin PBXResourcesBuildPhase section */
		11D1E1B929420B62001C90B5 /* Resources */ = {
			isa = PBXResourcesBuildPhase;
			buildActionMask = 2147483647;
			files = (
			);
			runOnlyForDeploymentPostprocessing = 0;
		};
		C8A1DDD92927838B00FA983B /* Resources */ = {
			isa = PBXResourcesBuildPhase;
			buildActionMask = 2147483647;
			files = (
				C8A1DDE62927838C00FA983B /* Preview Assets.xcassets in Resources */,
				C8A1DDE32927838C00FA983B /* Assets.xcassets in Resources */,
			);
			runOnlyForDeploymentPostprocessing = 0;
		};
/* End PBXResourcesBuildPhase section */

/* Begin PBXSourcesBuildPhase section */
		11D1E1B729420B62001C90B5 /* Sources */ = {
			isa = PBXSourcesBuildPhase;
			buildActionMask = 2147483647;
			files = (
				11D1E1BE29420B62001C90B5 /* DailyDisciplineTests.swift in Sources */,
			);
			runOnlyForDeploymentPostprocessing = 0;
		};
		C8A1DDD72927838B00FA983B /* Sources */ = {
			isa = PBXSourcesBuildPhase;
			buildActionMask = 2147483647;
			files = (
				C8A7B624294125FB008016D6 /* PresetTasksView.swift in Sources */,
				C8A7B61929411A3F008016D6 /* BackgroundImageView.swift in Sources */,
				C8FCDAB3293F60DB008AFFDB /* PickerFrequency.swift in Sources */,
				C8A7B6312941506E008016D6 /* ApiCategoryView.swift in Sources */,
				C8A7B61529411481008016D6 /* AddNewTaskButton.swift in Sources */,
				C84F100A2940AA3400778541 /* ToolBarView.swift in Sources */,
				C86BAC40293F8004007E76DA /* UserLevelViewModel.swift in Sources */,
				C8A7B62929412CD7008016D6 /* AchievementListView.swift in Sources */,
				C86BAC42293F80DD007E76DA /* CoreDataManagerUserLevel.swift in Sources */,
				C86BAC4B293FA131007E76DA /* LevelBarView.swift in Sources */,
				C86BAC4F293FA583007E76DA /* AchievementView.swift in Sources */,
				C8FCDAAB293F6022008AFFDB /* ContentView.swift in Sources */,
				C86BAC46293F8577007E76DA /* DateView.swift in Sources */,
				C8A7B622294125DF008016D6 /* ChoosePresetCategoryButton.swift in Sources */,
				C86BAC3E293F78B7007E76DA /* ProfileView.swift in Sources */,
				C8FCDAB1293F60C1008AFFDB /* NewTaskObjectView.swift in Sources */,
				C8FCDAB9293F6144008AFFDB /* TaskObjectViewModel.swift in Sources */,
				C8A7B61C29411ACF008016D6 /* StoredData.swift in Sources */,
				C891DD522941F4DF001D26A2 /* ApiSubmitButton.swift in Sources */,
				C8FCDAB5293F60EF008AFFDB /* CategoryToImage.swift in Sources */,
				C891DD542941F50A001D26A2 /* PresetSubmitButton.swift in Sources */,
				C8A7B62C29412F6B008016D6 /* TitleListView.swift in Sources */,
				C8A7B620294125BB008016D6 /* TextFieldView.swift in Sources */,
				C8A7B62F2941365E008016D6 /* ApiDataModel.swift in Sources */,
				C8FCDAAF293F60A0008AFFDB /* Persistance.swift in Sources */,
				C86BAC51293FA623007E76DA /* TitleView.swift in Sources */,
				C891DD562941F523001D26A2 /* RegularSubmitButton.swift in Sources */,
				C8A7B6132940EE7E008016D6 /* NewDateModel.swift in Sources */,
				C8A7B62629412613008016D6 /* PresetCategoryView.swift in Sources */,
				C86BAC4D293FA2A0007E76DA /* ProfileButtonsView.swift in Sources */,
				C8A7B617294119F9008016D6 /* TaskObjectView.swift in Sources */,
				C8FCDAB7293F6112008AFFDB /* CoreDataManagerTaskObject.swift in Sources */,
				C8FCDABC293F6211008AFFDB /* CoreDataContainer.xcdatamodeld in Sources */,
				C8A1DDDF2927838B00FA983B /* DailyDisciplineApp.swift in Sources */,
				C8A7B633294150A5008016D6 /* GetRandomTaskButton.swift in Sources */,
			);
			runOnlyForDeploymentPostprocessing = 0;
		};
/* End PBXSourcesBuildPhase section */

/* Begin PBXTargetDependency section */
		11D1E1C029420B62001C90B5 /* PBXTargetDependency */ = {
			isa = PBXTargetDependency;
			target = C8A1DDDA2927838B00FA983B /* DailyDiscipline */;
			targetProxy = 11D1E1BF29420B62001C90B5 /* PBXContainerItemProxy */;
		};
/* End PBXTargetDependency section */

/* Begin XCBuildConfiguration section */
		11D1E1C129420B62001C90B5 /* Debug */ = {
			isa = XCBuildConfiguration;
			buildSettings = {
				BUNDLE_LOADER = "$(TEST_HOST)";
				CODE_SIGN_STYLE = Automatic;
				CURRENT_PROJECT_VERSION = 1;
				GENERATE_INFOPLIST_FILE = YES;
				MARKETING_VERSION = 1.0;
				PRODUCT_BUNDLE_IDENTIFIER = DD.DailyDisciplineTests;
				PRODUCT_NAME = "$(TARGET_NAME)";
				SWIFT_EMIT_LOC_STRINGS = NO;
				SWIFT_VERSION = 5.0;
				TARGETED_DEVICE_FAMILY = "1,2";
				TEST_HOST = "$(BUILT_PRODUCTS_DIR)/DailyDiscipline.app/$(BUNDLE_EXECUTABLE_FOLDER_PATH)/DailyDiscipline";
			};
			name = Debug;
		};
		11D1E1C229420B62001C90B5 /* Release */ = {
			isa = XCBuildConfiguration;
			buildSettings = {
				BUNDLE_LOADER = "$(TEST_HOST)";
				CODE_SIGN_STYLE = Automatic;
				CURRENT_PROJECT_VERSION = 1;
				GENERATE_INFOPLIST_FILE = YES;
				MARKETING_VERSION = 1.0;
				PRODUCT_BUNDLE_IDENTIFIER = DD.DailyDisciplineTests;
				PRODUCT_NAME = "$(TARGET_NAME)";
				SWIFT_EMIT_LOC_STRINGS = NO;
				SWIFT_VERSION = 5.0;
				TARGETED_DEVICE_FAMILY = "1,2";
				TEST_HOST = "$(BUILT_PRODUCTS_DIR)/DailyDiscipline.app/$(BUNDLE_EXECUTABLE_FOLDER_PATH)/DailyDiscipline";
			};
			name = Release;
		};
		C8A1DDE72927838C00FA983B /* Debug */ = {
			isa = XCBuildConfiguration;
			buildSettings = {
				ALWAYS_SEARCH_USER_PATHS = NO;
				CLANG_ANALYZER_NONNULL = YES;
				CLANG_ANALYZER_NUMBER_OBJECT_CONVERSION = YES_AGGRESSIVE;
				CLANG_CXX_LANGUAGE_STANDARD = "gnu++20";
				CLANG_ENABLE_MODULES = YES;
				CLANG_ENABLE_OBJC_ARC = YES;
				CLANG_ENABLE_OBJC_WEAK = YES;
				CLANG_WARN_BLOCK_CAPTURE_AUTORELEASING = YES;
				CLANG_WARN_BOOL_CONVERSION = YES;
				CLANG_WARN_COMMA = YES;
				CLANG_WARN_CONSTANT_CONVERSION = YES;
				CLANG_WARN_DEPRECATED_OBJC_IMPLEMENTATIONS = YES;
				CLANG_WARN_DIRECT_OBJC_ISA_USAGE = YES_ERROR;
				CLANG_WARN_DOCUMENTATION_COMMENTS = YES;
				CLANG_WARN_EMPTY_BODY = YES;
				CLANG_WARN_ENUM_CONVERSION = YES;
				CLANG_WARN_INFINITE_RECURSION = YES;
				CLANG_WARN_INT_CONVERSION = YES;
				CLANG_WARN_NON_LITERAL_NULL_CONVERSION = YES;
				CLANG_WARN_OBJC_IMPLICIT_RETAIN_SELF = YES;
				CLANG_WARN_OBJC_LITERAL_CONVERSION = YES;
				CLANG_WARN_OBJC_ROOT_CLASS = YES_ERROR;
				CLANG_WARN_QUOTED_INCLUDE_IN_FRAMEWORK_HEADER = YES;
				CLANG_WARN_RANGE_LOOP_ANALYSIS = YES;
				CLANG_WARN_STRICT_PROTOTYPES = YES;
				CLANG_WARN_SUSPICIOUS_MOVE = YES;
				CLANG_WARN_UNGUARDED_AVAILABILITY = YES_AGGRESSIVE;
				CLANG_WARN_UNREACHABLE_CODE = YES;
				CLANG_WARN__DUPLICATE_METHOD_MATCH = YES;
				COPY_PHASE_STRIP = NO;
				DEBUG_INFORMATION_FORMAT = dwarf;
				ENABLE_STRICT_OBJC_MSGSEND = YES;
				ENABLE_TESTABILITY = YES;
				GCC_C_LANGUAGE_STANDARD = gnu11;
				GCC_DYNAMIC_NO_PIC = NO;
				GCC_NO_COMMON_BLOCKS = YES;
				GCC_OPTIMIZATION_LEVEL = 0;
				GCC_PREPROCESSOR_DEFINITIONS = (
					"DEBUG=1",
					"$(inherited)",
				);
				GCC_WARN_64_TO_32_BIT_CONVERSION = YES;
				GCC_WARN_ABOUT_RETURN_TYPE = YES_ERROR;
				GCC_WARN_UNDECLARED_SELECTOR = YES;
				GCC_WARN_UNINITIALIZED_AUTOS = YES_AGGRESSIVE;
				GCC_WARN_UNUSED_FUNCTION = YES;
				GCC_WARN_UNUSED_VARIABLE = YES;
				IPHONEOS_DEPLOYMENT_TARGET = 16.1;
				MTL_ENABLE_DEBUG_INFO = INCLUDE_SOURCE;
				MTL_FAST_MATH = YES;
				ONLY_ACTIVE_ARCH = YES;
				SDKROOT = iphoneos;
				SWIFT_ACTIVE_COMPILATION_CONDITIONS = DEBUG;
				SWIFT_OPTIMIZATION_LEVEL = "-Onone";
			};
			name = Debug;
		};
		C8A1DDE82927838C00FA983B /* Release */ = {
			isa = XCBuildConfiguration;
			buildSettings = {
				ALWAYS_SEARCH_USER_PATHS = NO;
				CLANG_ANALYZER_NONNULL = YES;
				CLANG_ANALYZER_NUMBER_OBJECT_CONVERSION = YES_AGGRESSIVE;
				CLANG_CXX_LANGUAGE_STANDARD = "gnu++20";
				CLANG_ENABLE_MODULES = YES;
				CLANG_ENABLE_OBJC_ARC = YES;
				CLANG_ENABLE_OBJC_WEAK = YES;
				CLANG_WARN_BLOCK_CAPTURE_AUTORELEASING = YES;
				CLANG_WARN_BOOL_CONVERSION = YES;
				CLANG_WARN_COMMA = YES;
				CLANG_WARN_CONSTANT_CONVERSION = YES;
				CLANG_WARN_DEPRECATED_OBJC_IMPLEMENTATIONS = YES;
				CLANG_WARN_DIRECT_OBJC_ISA_USAGE = YES_ERROR;
				CLANG_WARN_DOCUMENTATION_COMMENTS = YES;
				CLANG_WARN_EMPTY_BODY = YES;
				CLANG_WARN_ENUM_CONVERSION = YES;
				CLANG_WARN_INFINITE_RECURSION = YES;
				CLANG_WARN_INT_CONVERSION = YES;
				CLANG_WARN_NON_LITERAL_NULL_CONVERSION = YES;
				CLANG_WARN_OBJC_IMPLICIT_RETAIN_SELF = YES;
				CLANG_WARN_OBJC_LITERAL_CONVERSION = YES;
				CLANG_WARN_OBJC_ROOT_CLASS = YES_ERROR;
				CLANG_WARN_QUOTED_INCLUDE_IN_FRAMEWORK_HEADER = YES;
				CLANG_WARN_RANGE_LOOP_ANALYSIS = YES;
				CLANG_WARN_STRICT_PROTOTYPES = YES;
				CLANG_WARN_SUSPICIOUS_MOVE = YES;
				CLANG_WARN_UNGUARDED_AVAILABILITY = YES_AGGRESSIVE;
				CLANG_WARN_UNREACHABLE_CODE = YES;
				CLANG_WARN__DUPLICATE_METHOD_MATCH = YES;
				COPY_PHASE_STRIP = NO;
				DEBUG_INFORMATION_FORMAT = "dwarf-with-dsym";
				ENABLE_NS_ASSERTIONS = NO;
				ENABLE_STRICT_OBJC_MSGSEND = YES;
				GCC_C_LANGUAGE_STANDARD = gnu11;
				GCC_NO_COMMON_BLOCKS = YES;
				GCC_WARN_64_TO_32_BIT_CONVERSION = YES;
				GCC_WARN_ABOUT_RETURN_TYPE = YES_ERROR;
				GCC_WARN_UNDECLARED_SELECTOR = YES;
				GCC_WARN_UNINITIALIZED_AUTOS = YES_AGGRESSIVE;
				GCC_WARN_UNUSED_FUNCTION = YES;
				GCC_WARN_UNUSED_VARIABLE = YES;
				IPHONEOS_DEPLOYMENT_TARGET = 16.1;
				MTL_ENABLE_DEBUG_INFO = NO;
				MTL_FAST_MATH = YES;
				SDKROOT = iphoneos;
				SWIFT_COMPILATION_MODE = wholemodule;
				SWIFT_OPTIMIZATION_LEVEL = "-O";
				VALIDATE_PRODUCT = YES;
			};
			name = Release;
		};
		C8A1DDEA2927838C00FA983B /* Debug */ = {
			isa = XCBuildConfiguration;
			buildSettings = {
				ASSETCATALOG_COMPILER_APPICON_NAME = AppIcon;
				ASSETCATALOG_COMPILER_GLOBAL_ACCENT_COLOR_NAME = AccentColor;
				CODE_SIGN_IDENTITY = "iPhone Developer";
				CODE_SIGN_STYLE = Automatic;
				CURRENT_PROJECT_VERSION = 1;
				DEVELOPMENT_ASSET_PATHS = "\"DailyDiscipline/Preview Content\"";
				DEVELOPMENT_TEAM = C5BSXM234B;
				ENABLE_PREVIEWS = YES;
				GENERATE_INFOPLIST_FILE = YES;
				INFOPLIST_KEY_UIApplicationSceneManifest_Generation = YES;
				INFOPLIST_KEY_UIApplicationSupportsIndirectInputEvents = YES;
				INFOPLIST_KEY_UILaunchScreen_Generation = YES;
				INFOPLIST_KEY_UISupportedInterfaceOrientations_iPad = "UIInterfaceOrientationPortrait UIInterfaceOrientationPortraitUpsideDown UIInterfaceOrientationLandscapeLeft UIInterfaceOrientationLandscapeRight";
				INFOPLIST_KEY_UISupportedInterfaceOrientations_iPhone = "UIInterfaceOrientationPortrait UIInterfaceOrientationLandscapeLeft UIInterfaceOrientationLandscapeRight";
				LD_RUNPATH_SEARCH_PATHS = (
					"$(inherited)",
					"@executable_path/Frameworks",
				);
				MARKETING_VERSION = 1.0;
				PRODUCT_BUNDLE_IDENTIFIER = JTH.DailyDiscipline;
				PRODUCT_NAME = "$(TARGET_NAME)";
				SWIFT_EMIT_LOC_STRINGS = YES;
				SWIFT_VERSION = 5.0;
				TARGETED_DEVICE_FAMILY = "1,2";
			};
			name = Debug;
		};
		C8A1DDEB2927838C00FA983B /* Release */ = {
			isa = XCBuildConfiguration;
			buildSettings = {
				ASSETCATALOG_COMPILER_APPICON_NAME = AppIcon;
				ASSETCATALOG_COMPILER_GLOBAL_ACCENT_COLOR_NAME = AccentColor;
				CODE_SIGN_IDENTITY = "iPhone Developer";
				CODE_SIGN_STYLE = Automatic;
				CURRENT_PROJECT_VERSION = 1;
				DEVELOPMENT_ASSET_PATHS = "\"DailyDiscipline/Preview Content\"";
				DEVELOPMENT_TEAM = C5BSXM234B;
				ENABLE_PREVIEWS = YES;
				GENERATE_INFOPLIST_FILE = YES;
				INFOPLIST_KEY_UIApplicationSceneManifest_Generation = YES;
				INFOPLIST_KEY_UIApplicationSupportsIndirectInputEvents = YES;
				INFOPLIST_KEY_UILaunchScreen_Generation = YES;
				INFOPLIST_KEY_UISupportedInterfaceOrientations_iPad = "UIInterfaceOrientationPortrait UIInterfaceOrientationPortraitUpsideDown UIInterfaceOrientationLandscapeLeft UIInterfaceOrientationLandscapeRight";
				INFOPLIST_KEY_UISupportedInterfaceOrientations_iPhone = "UIInterfaceOrientationPortrait UIInterfaceOrientationLandscapeLeft UIInterfaceOrientationLandscapeRight";
				LD_RUNPATH_SEARCH_PATHS = (
					"$(inherited)",
					"@executable_path/Frameworks",
				);
				MARKETING_VERSION = 1.0;
				PRODUCT_BUNDLE_IDENTIFIER = JTH.DailyDiscipline;
				PRODUCT_NAME = "$(TARGET_NAME)";
				SWIFT_EMIT_LOC_STRINGS = YES;
				SWIFT_VERSION = 5.0;
				TARGETED_DEVICE_FAMILY = "1,2";
			};
			name = Release;
		};
/* End XCBuildConfiguration section */

/* Begin XCConfigurationList section */
		11D1E1C329420B62001C90B5 /* Build configuration list for PBXNativeTarget "DailyDisciplineTests" */ = {
			isa = XCConfigurationList;
			buildConfigurations = (
				11D1E1C129420B62001C90B5 /* Debug */,
				11D1E1C229420B62001C90B5 /* Release */,
			);
			defaultConfigurationIsVisible = 0;
			defaultConfigurationName = Release;
		};
		C8A1DDD62927838B00FA983B /* Build configuration list for PBXProject "DailyDiscipline" */ = {
			isa = XCConfigurationList;
			buildConfigurations = (
				C8A1DDE72927838C00FA983B /* Debug */,
				C8A1DDE82927838C00FA983B /* Release */,
			);
			defaultConfigurationIsVisible = 0;
			defaultConfigurationName = Release;
		};
		C8A1DDE92927838C00FA983B /* Build configuration list for PBXNativeTarget "DailyDiscipline" */ = {
			isa = XCConfigurationList;
			buildConfigurations = (
				C8A1DDEA2927838C00FA983B /* Debug */,
				C8A1DDEB2927838C00FA983B /* Release */,
			);
			defaultConfigurationIsVisible = 0;
			defaultConfigurationName = Release;
		};
/* End XCConfigurationList section */

/* Begin XCVersionGroup section */
		C8FCDABA293F6211008AFFDB /* CoreDataContainer.xcdatamodeld */ = {
			isa = XCVersionGroup;
			children = (
				C8FCDABB293F6211008AFFDB /* CoreDataContainer.xcdatamodel */,
			);
			currentVersion = C8FCDABB293F6211008AFFDB /* CoreDataContainer.xcdatamodel */;
			path = CoreDataContainer.xcdatamodeld;
			sourceTree = "<group>";
			versionGroupType = wrapper.xcdatamodel;
		};
/* End XCVersionGroup section */
	};
	rootObject = C8A1DDD32927838B00FA983B /* Project object */;
}
