// !$*UTF8*$!
{
	archiveVersion = 1;
	classes = {
	};
	objectVersion = 56;
	objects = {

/* Begin PBXBuildFile section */
		C874E3A92938F9FD005AE929 /* StoredTasks.swift in Sources */ = {isa = PBXBuildFile; fileRef = C874E3A82938F9FD005AE929 /* StoredTasks.swift */; };
		C874E3AB2938FB81005AE929 /* AchievementsView.swift in Sources */ = {isa = PBXBuildFile; fileRef = C874E3AA2938FB81005AE929 /* AchievementsView.swift */; };
		C8A1DDDF2927838B00FA983B /* DailyDisciplineApp.swift in Sources */ = {isa = PBXBuildFile; fileRef = C8A1DDDE2927838B00FA983B /* DailyDisciplineApp.swift */; };
		C8A1DDE12927838B00FA983B /* ContentView.swift in Sources */ = {isa = PBXBuildFile; fileRef = C8A1DDE02927838B00FA983B /* ContentView.swift */; };
		C8A1DDE32927838C00FA983B /* Assets.xcassets in Resources */ = {isa = PBXBuildFile; fileRef = C8A1DDE22927838C00FA983B /* Assets.xcassets */; };
		C8A1DDE62927838C00FA983B /* Preview Assets.xcassets in Resources */ = {isa = PBXBuildFile; fileRef = C8A1DDE52927838C00FA983B /* Preview Assets.xcassets */; };
		C8A1DDEF2927860700FA983B /* ProfileView.swift in Sources */ = {isa = PBXBuildFile; fileRef = C8A1DDEE2927860700FA983B /* ProfileView.swift */; };
		C8D919F82927A86300955313 /* Navbar.swift in Sources */ = {isa = PBXBuildFile; fileRef = C8D919F72927A86300955313 /* Navbar.swift */; };
		C8FC1C3429377EB600AA9B57 /* TaskView.swift in Sources */ = {isa = PBXBuildFile; fileRef = C8FC1C3329377EB600AA9B57 /* TaskView.swift */; };
		C8FC1C3929377F7400AA9B57 /* PickerFrequency.swift in Sources */ = {isa = PBXBuildFile; fileRef = C8FC1C3829377F7400AA9B57 /* PickerFrequency.swift */; };
		C8FC1C3C29377F9700AA9B57 /* CoreDataModel.xcdatamodeld in Sources */ = {isa = PBXBuildFile; fileRef = C8FC1C3A29377F9700AA9B57 /* CoreDataModel.xcdatamodeld */; };
		C8FC1C3E293780D000AA9B57 /* CoreDataManager.swift in Sources */ = {isa = PBXBuildFile; fileRef = C8FC1C3D293780D000AA9B57 /* CoreDataManager.swift */; };
		C8FC1C402937813C00AA9B57 /* AddNewTaskView.swift in Sources */ = {isa = PBXBuildFile; fileRef = C8FC1C3F2937813C00AA9B57 /* AddNewTaskView.swift */; };
		C8FC1C432937989200AA9B57 /* CoreDataRelationshipViewModel.swift in Sources */ = {isa = PBXBuildFile; fileRef = C8FC1C422937989200AA9B57 /* CoreDataRelationshipViewModel.swift */; };
		C8FC1C452937BB5200AA9B57 /* LevelTracker(Not Used).swift in Sources */ = {isa = PBXBuildFile; fileRef = C8FC1C442937BB5200AA9B57 /* LevelTracker(Not Used).swift */; };
/* End PBXBuildFile section */

/* Begin PBXFileReference section */
		C874E3A82938F9FD005AE929 /* StoredTasks.swift */ = {isa = PBXFileReference; lastKnownFileType = sourcecode.swift; path = StoredTasks.swift; sourceTree = "<group>"; };
		C874E3AA2938FB81005AE929 /* AchievementsView.swift */ = {isa = PBXFileReference; lastKnownFileType = sourcecode.swift; path = AchievementsView.swift; sourceTree = "<group>"; };
		C8A1DDDB2927838B00FA983B /* DailyDiscipline.app */ = {isa = PBXFileReference; explicitFileType = wrapper.application; includeInIndex = 0; path = DailyDiscipline.app; sourceTree = BUILT_PRODUCTS_DIR; };
		C8A1DDDE2927838B00FA983B /* DailyDisciplineApp.swift */ = {isa = PBXFileReference; lastKnownFileType = sourcecode.swift; path = DailyDisciplineApp.swift; sourceTree = "<group>"; };
		C8A1DDE02927838B00FA983B /* ContentView.swift */ = {isa = PBXFileReference; lastKnownFileType = sourcecode.swift; path = ContentView.swift; sourceTree = "<group>"; };
		C8A1DDE22927838C00FA983B /* Assets.xcassets */ = {isa = PBXFileReference; lastKnownFileType = folder.assetcatalog; path = Assets.xcassets; sourceTree = "<group>"; };
		C8A1DDE52927838C00FA983B /* Preview Assets.xcassets */ = {isa = PBXFileReference; lastKnownFileType = folder.assetcatalog; path = "Preview Assets.xcassets"; sourceTree = "<group>"; };
		C8A1DDEE2927860700FA983B /* ProfileView.swift */ = {isa = PBXFileReference; lastKnownFileType = sourcecode.swift; path = ProfileView.swift; sourceTree = "<group>"; };
		C8D919F72927A86300955313 /* Navbar.swift */ = {isa = PBXFileReference; lastKnownFileType = sourcecode.swift; path = Navbar.swift; sourceTree = "<group>"; };
		C8FC1C3329377EB600AA9B57 /* TaskView.swift */ = {isa = PBXFileReference; lastKnownFileType = sourcecode.swift; path = TaskView.swift; sourceTree = "<group>"; };
		C8FC1C3829377F7400AA9B57 /* PickerFrequency.swift */ = {isa = PBXFileReference; lastKnownFileType = sourcecode.swift; path = PickerFrequency.swift; sourceTree = "<group>"; };
		C8FC1C3B29377F9700AA9B57 /* CoreDataModel.xcdatamodel */ = {isa = PBXFileReference; lastKnownFileType = wrapper.xcdatamodel; path = CoreDataModel.xcdatamodel; sourceTree = "<group>"; };
		C8FC1C3D293780D000AA9B57 /* CoreDataManager.swift */ = {isa = PBXFileReference; lastKnownFileType = sourcecode.swift; path = CoreDataManager.swift; sourceTree = "<group>"; };
		C8FC1C3F2937813C00AA9B57 /* AddNewTaskView.swift */ = {isa = PBXFileReference; lastKnownFileType = sourcecode.swift; path = AddNewTaskView.swift; sourceTree = "<group>"; };
		C8FC1C422937989200AA9B57 /* CoreDataRelationshipViewModel.swift */ = {isa = PBXFileReference; lastKnownFileType = sourcecode.swift; path = CoreDataRelationshipViewModel.swift; sourceTree = "<group>"; };
		C8FC1C442937BB5200AA9B57 /* LevelTracker(Not Used).swift */ = {isa = PBXFileReference; lastKnownFileType = sourcecode.swift; path = "LevelTracker(Not Used).swift"; sourceTree = "<group>"; };
/* End PBXFileReference section */

/* Begin PBXFrameworksBuildPhase section */
		C8A1DDD82927838B00FA983B /* Frameworks */ = {
			isa = PBXFrameworksBuildPhase;
			buildActionMask = 2147483647;
			files = (
			);
			runOnlyForDeploymentPostprocessing = 0;
		};
/* End PBXFrameworksBuildPhase section */

/* Begin PBXGroup section */
		C8A1DDD22927838B00FA983B = {
			isa = PBXGroup;
			children = (
				C8FC1C3529377ECC00AA9B57 /* UpdatedApp */,
				C8A1DDED292785E400FA983B /* Views */,
				C8A1DDDD2927838B00FA983B /* DailyDiscipline */,
				C8A1DDDC2927838B00FA983B /* Products */,
			);
			sourceTree = "<group>";
		};
		C8A1DDDC2927838B00FA983B /* Products */ = {
			isa = PBXGroup;
			children = (
				C8A1DDDB2927838B00FA983B /* DailyDiscipline.app */,
			);
			name = Products;
			sourceTree = "<group>";
		};
		C8A1DDDD2927838B00FA983B /* DailyDiscipline */ = {
			isa = PBXGroup;
			children = (
				C8A1DDDE2927838B00FA983B /* DailyDisciplineApp.swift */,
				C8A1DDE22927838C00FA983B /* Assets.xcassets */,
				C8A1DDE42927838C00FA983B /* Preview Content */,
			);
			path = DailyDiscipline;
			sourceTree = "<group>";
		};
		C8A1DDE42927838C00FA983B /* Preview Content */ = {
			isa = PBXGroup;
			children = (
				C8A1DDE52927838C00FA983B /* Preview Assets.xcassets */,
			);
			path = "Preview Content";
			sourceTree = "<group>";
		};
		C8A1DDED292785E400FA983B /* Views */ = {
			isa = PBXGroup;
			children = (
				C8D919F62927A81800955313 /* SubViews */,
				C8A1DDE02927838B00FA983B /* ContentView.swift */,
				C8A1DDEE2927860700FA983B /* ProfileView.swift */,
			);
			path = Views;
			sourceTree = "<group>";
		};
		C8D919F62927A81800955313 /* SubViews */ = {
			isa = PBXGroup;
			children = (
				C8D919F72927A86300955313 /* Navbar.swift */,
			);
			path = SubViews;
			sourceTree = "<group>";
		};
		C8FC1C3529377ECC00AA9B57 /* UpdatedApp */ = {
			isa = PBXGroup;
			children = (
				C8FC1C472937BB7900AA9B57 /* Views */,
				C8FC1C462937BB5B00AA9B57 /* Level */,
				C8FC1C412937985900AA9B57 /* CoreData */,
				C8FC1C3829377F7400AA9B57 /* PickerFrequency.swift */,
				C874E3A82938F9FD005AE929 /* StoredTasks.swift */,
			);
			path = UpdatedApp;
			sourceTree = "<group>";
		};
		C8FC1C412937985900AA9B57 /* CoreData */ = {
			isa = PBXGroup;
			children = (
				C8FC1C3A29377F9700AA9B57 /* CoreDataModel.xcdatamodeld */,
				C8FC1C3D293780D000AA9B57 /* CoreDataManager.swift */,
				C8FC1C422937989200AA9B57 /* CoreDataRelationshipViewModel.swift */,
			);
			path = CoreData;
			sourceTree = "<group>";
		};
		C8FC1C462937BB5B00AA9B57 /* Level */ = {
			isa = PBXGroup;
			children = (
				C8FC1C442937BB5200AA9B57 /* LevelTracker(Not Used).swift */,
			);
			path = Level;
			sourceTree = "<group>";
		};
		C8FC1C472937BB7900AA9B57 /* Views */ = {
			isa = PBXGroup;
			children = (
				C8FC1C3329377EB600AA9B57 /* TaskView.swift */,
				C8FC1C3F2937813C00AA9B57 /* AddNewTaskView.swift */,
				C874E3AA2938FB81005AE929 /* AchievementsView.swift */,
			);
			path = Views;
			sourceTree = "<group>";
		};
/* End PBXGroup section */

/* Begin PBXNativeTarget section */
		C8A1DDDA2927838B00FA983B /* DailyDiscipline */ = {
			isa = PBXNativeTarget;
			buildConfigurationList = C8A1DDE92927838C00FA983B /* Build configuration list for PBXNativeTarget "DailyDiscipline" */;
			buildPhases = (
				C8A1DDD72927838B00FA983B /* Sources */,
				C8A1DDD82927838B00FA983B /* Frameworks */,
				C8A1DDD92927838B00FA983B /* Resources */,
			);
			buildRules = (
			);
			dependencies = (
			);
			name = DailyDiscipline;
			productName = DailyDiscipline;
			productReference = C8A1DDDB2927838B00FA983B /* DailyDiscipline.app */;
			productType = "com.apple.product-type.application";
		};
/* End PBXNativeTarget section */

/* Begin PBXProject section */
		C8A1DDD32927838B00FA983B /* Project object */ = {
			isa = PBXProject;
			attributes = {
				BuildIndependentTargetsInParallel = 1;
				LastSwiftUpdateCheck = 1410;
				LastUpgradeCheck = 1410;
				TargetAttributes = {
					C8A1DDDA2927838B00FA983B = {
						CreatedOnToolsVersion = 14.1;
					};
				};
			};
			buildConfigurationList = C8A1DDD62927838B00FA983B /* Build configuration list for PBXProject "DailyDiscipline" */;
			compatibilityVersion = "Xcode 14.0";
			developmentRegion = en;
			hasScannedForEncodings = 0;
			knownRegions = (
				en,
				Base,
			);
			mainGroup = C8A1DDD22927838B00FA983B;
			productRefGroup = C8A1DDDC2927838B00FA983B /* Products */;
			projectDirPath = "";
			projectRoot = "";
			targets = (
				C8A1DDDA2927838B00FA983B /* DailyDiscipline */,
			);
		};
/* End PBXProject section */

/* Begin PBXResourcesBuildPhase section */
		C8A1DDD92927838B00FA983B /* Resources */ = {
			isa = PBXResourcesBuildPhase;
			buildActionMask = 2147483647;
			files = (
				C8A1DDE62927838C00FA983B /* Preview Assets.xcassets in Resources */,
				C8A1DDE32927838C00FA983B /* Assets.xcassets in Resources */,
			);
			runOnlyForDeploymentPostprocessing = 0;
		};
/* End PBXResourcesBuildPhase section */

/* Begin PBXSourcesBuildPhase section */
		C8A1DDD72927838B00FA983B /* Sources */ = {
			isa = PBXSourcesBuildPhase;
			buildActionMask = 2147483647;
			files = (
				C8FC1C3C29377F9700AA9B57 /* CoreDataModel.xcdatamodeld in Sources */,
				C8D919F82927A86300955313 /* Navbar.swift in Sources */,
				C8FC1C3429377EB600AA9B57 /* TaskView.swift in Sources */,
				C874E3A92938F9FD005AE929 /* StoredTasks.swift in Sources */,
				C8A1DDE12927838B00FA983B /* ContentView.swift in Sources */,
				C8FC1C3929377F7400AA9B57 /* PickerFrequency.swift in Sources */,
				C8A1DDEF2927860700FA983B /* ProfileView.swift in Sources */,
				C8FC1C402937813C00AA9B57 /* AddNewTaskView.swift in Sources */,
				C8FC1C3E293780D000AA9B57 /* CoreDataManager.swift in Sources */,
				C874E3AB2938FB81005AE929 /* AchievementsView.swift in Sources */,
				C8FC1C432937989200AA9B57 /* CoreDataRelationshipViewModel.swift in Sources */,
				C8FC1C452937BB5200AA9B57 /* LevelTracker(Not Used).swift in Sources */,
				C8A1DDDF2927838B00FA983B /* DailyDisciplineApp.swift in Sources */,
			);
			runOnlyForDeploymentPostprocessing = 0;
		};
/* End PBXSourcesBuildPhase section */

/* Begin XCBuildConfiguration section */
		C8A1DDE72927838C00FA983B /* Debug */ = {
			isa = XCBuildConfiguration;
			buildSettings = {
				ALWAYS_SEARCH_USER_PATHS = NO;
				CLANG_ANALYZER_NONNULL = YES;
				CLANG_ANALYZER_NUMBER_OBJECT_CONVERSION = YES_AGGRESSIVE;
				CLANG_CXX_LANGUAGE_STANDARD = "gnu++20";
				CLANG_ENABLE_MODULES = YES;
				CLANG_ENABLE_OBJC_ARC = YES;
				CLANG_ENABLE_OBJC_WEAK = YES;
				CLANG_WARN_BLOCK_CAPTURE_AUTORELEASING = YES;
				CLANG_WARN_BOOL_CONVERSION = YES;
				CLANG_WARN_COMMA = YES;
				CLANG_WARN_CONSTANT_CONVERSION = YES;
				CLANG_WARN_DEPRECATED_OBJC_IMPLEMENTATIONS = YES;
				CLANG_WARN_DIRECT_OBJC_ISA_USAGE = YES_ERROR;
				CLANG_WARN_DOCUMENTATION_COMMENTS = YES;
				CLANG_WARN_EMPTY_BODY = YES;
				CLANG_WARN_ENUM_CONVERSION = YES;
				CLANG_WARN_INFINITE_RECURSION = YES;
				CLANG_WARN_INT_CONVERSION = YES;
				CLANG_WARN_NON_LITERAL_NULL_CONVERSION = YES;
				CLANG_WARN_OBJC_IMPLICIT_RETAIN_SELF = YES;
				CLANG_WARN_OBJC_LITERAL_CONVERSION = YES;
				CLANG_WARN_OBJC_ROOT_CLASS = YES_ERROR;
				CLANG_WARN_QUOTED_INCLUDE_IN_FRAMEWORK_HEADER = YES;
				CLANG_WARN_RANGE_LOOP_ANALYSIS = YES;
				CLANG_WARN_STRICT_PROTOTYPES = YES;
				CLANG_WARN_SUSPICIOUS_MOVE = YES;
				CLANG_WARN_UNGUARDED_AVAILABILITY = YES_AGGRESSIVE;
				CLANG_WARN_UNREACHABLE_CODE = YES;
				CLANG_WARN__DUPLICATE_METHOD_MATCH = YES;
				COPY_PHASE_STRIP = NO;
				DEBUG_INFORMATION_FORMAT = dwarf;
				ENABLE_STRICT_OBJC_MSGSEND = YES;
				ENABLE_TESTABILITY = YES;
				GCC_C_LANGUAGE_STANDARD = gnu11;
				GCC_DYNAMIC_NO_PIC = NO;
				GCC_NO_COMMON_BLOCKS = YES;
				GCC_OPTIMIZATION_LEVEL = 0;
				GCC_PREPROCESSOR_DEFINITIONS = (
					"DEBUG=1",
					"$(inherited)",
				);
				GCC_WARN_64_TO_32_BIT_CONVERSION = YES;
				GCC_WARN_ABOUT_RETURN_TYPE = YES_ERROR;
				GCC_WARN_UNDECLARED_SELECTOR = YES;
				GCC_WARN_UNINITIALIZED_AUTOS = YES_AGGRESSIVE;
				GCC_WARN_UNUSED_FUNCTION = YES;
				GCC_WARN_UNUSED_VARIABLE = YES;
				IPHONEOS_DEPLOYMENT_TARGET = 16.1;
				MTL_ENABLE_DEBUG_INFO = INCLUDE_SOURCE;
				MTL_FAST_MATH = YES;
				ONLY_ACTIVE_ARCH = YES;
				SDKROOT = iphoneos;
				SWIFT_ACTIVE_COMPILATION_CONDITIONS = DEBUG;
				SWIFT_OPTIMIZATION_LEVEL = "-Onone";
			};
			name = Debug;
		};
		C8A1DDE82927838C00FA983B /* Release */ = {
			isa = XCBuildConfiguration;
			buildSettings = {
				ALWAYS_SEARCH_USER_PATHS = NO;
				CLANG_ANALYZER_NONNULL = YES;
				CLANG_ANALYZER_NUMBER_OBJECT_CONVERSION = YES_AGGRESSIVE;
				CLANG_CXX_LANGUAGE_STANDARD = "gnu++20";
				CLANG_ENABLE_MODULES = YES;
				CLANG_ENABLE_OBJC_ARC = YES;
				CLANG_ENABLE_OBJC_WEAK = YES;
				CLANG_WARN_BLOCK_CAPTURE_AUTORELEASING = YES;
				CLANG_WARN_BOOL_CONVERSION = YES;
				CLANG_WARN_COMMA = YES;
				CLANG_WARN_CONSTANT_CONVERSION = YES;
				CLANG_WARN_DEPRECATED_OBJC_IMPLEMENTATIONS = YES;
				CLANG_WARN_DIRECT_OBJC_ISA_USAGE = YES_ERROR;
				CLANG_WARN_DOCUMENTATION_COMMENTS = YES;
				CLANG_WARN_EMPTY_BODY = YES;
				CLANG_WARN_ENUM_CONVERSION = YES;
				CLANG_WARN_INFINITE_RECURSION = YES;
				CLANG_WARN_INT_CONVERSION = YES;
				CLANG_WARN_NON_LITERAL_NULL_CONVERSION = YES;
				CLANG_WARN_OBJC_IMPLICIT_RETAIN_SELF = YES;
				CLANG_WARN_OBJC_LITERAL_CONVERSION = YES;
				CLANG_WARN_OBJC_ROOT_CLASS = YES_ERROR;
				CLANG_WARN_QUOTED_INCLUDE_IN_FRAMEWORK_HEADER = YES;
				CLANG_WARN_RANGE_LOOP_ANALYSIS = YES;
				CLANG_WARN_STRICT_PROTOTYPES = YES;
				CLANG_WARN_SUSPICIOUS_MOVE = YES;
				CLANG_WARN_UNGUARDED_AVAILABILITY = YES_AGGRESSIVE;
				CLANG_WARN_UNREACHABLE_CODE = YES;
				CLANG_WARN__DUPLICATE_METHOD_MATCH = YES;
				COPY_PHASE_STRIP = NO;
				DEBUG_INFORMATION_FORMAT = "dwarf-with-dsym";
				ENABLE_NS_ASSERTIONS = NO;
				ENABLE_STRICT_OBJC_MSGSEND = YES;
				GCC_C_LANGUAGE_STANDARD = gnu11;
				GCC_NO_COMMON_BLOCKS = YES;
				GCC_WARN_64_TO_32_BIT_CONVERSION = YES;
				GCC_WARN_ABOUT_RETURN_TYPE = YES_ERROR;
				GCC_WARN_UNDECLARED_SELECTOR = YES;
				GCC_WARN_UNINITIALIZED_AUTOS = YES_AGGRESSIVE;
				GCC_WARN_UNUSED_FUNCTION = YES;
				GCC_WARN_UNUSED_VARIABLE = YES;
				IPHONEOS_DEPLOYMENT_TARGET = 16.1;
				MTL_ENABLE_DEBUG_INFO = NO;
				MTL_FAST_MATH = YES;
				SDKROOT = iphoneos;
				SWIFT_COMPILATION_MODE = wholemodule;
				SWIFT_OPTIMIZATION_LEVEL = "-O";
				VALIDATE_PRODUCT = YES;
			};
			name = Release;
		};
		C8A1DDEA2927838C00FA983B /* Debug */ = {
			isa = XCBuildConfiguration;
			buildSettings = {
				ASSETCATALOG_COMPILER_APPICON_NAME = AppIcon;
				ASSETCATALOG_COMPILER_GLOBAL_ACCENT_COLOR_NAME = AccentColor;
				CODE_SIGN_STYLE = Automatic;
				CURRENT_PROJECT_VERSION = 1;
				DEVELOPMENT_ASSET_PATHS = "\"DailyDiscipline/Preview Content\"";
				ENABLE_PREVIEWS = YES;
				GENERATE_INFOPLIST_FILE = YES;
				INFOPLIST_KEY_UIApplicationSceneManifest_Generation = YES;
				INFOPLIST_KEY_UIApplicationSupportsIndirectInputEvents = YES;
				INFOPLIST_KEY_UILaunchScreen_Generation = YES;
				INFOPLIST_KEY_UISupportedInterfaceOrientations_iPad = "UIInterfaceOrientationPortrait UIInterfaceOrientationPortraitUpsideDown UIInterfaceOrientationLandscapeLeft UIInterfaceOrientationLandscapeRight";
				INFOPLIST_KEY_UISupportedInterfaceOrientations_iPhone = "UIInterfaceOrientationPortrait UIInterfaceOrientationLandscapeLeft UIInterfaceOrientationLandscapeRight";
				LD_RUNPATH_SEARCH_PATHS = (
					"$(inherited)",
					"@executable_path/Frameworks",
				);
				MARKETING_VERSION = 1.0;
				PRODUCT_BUNDLE_IDENTIFIER = JTH.DailyDiscipline;
				PRODUCT_NAME = "$(TARGET_NAME)";
				SWIFT_EMIT_LOC_STRINGS = YES;
				SWIFT_VERSION = 5.0;
				TARGETED_DEVICE_FAMILY = "1,2";
			};
			name = Debug;
		};
		C8A1DDEB2927838C00FA983B /* Release */ = {
			isa = XCBuildConfiguration;
			buildSettings = {
				ASSETCATALOG_COMPILER_APPICON_NAME = AppIcon;
				ASSETCATALOG_COMPILER_GLOBAL_ACCENT_COLOR_NAME = AccentColor;
				CODE_SIGN_STYLE = Automatic;
				CURRENT_PROJECT_VERSION = 1;
				DEVELOPMENT_ASSET_PATHS = "\"DailyDiscipline/Preview Content\"";
				ENABLE_PREVIEWS = YES;
				GENERATE_INFOPLIST_FILE = YES;
				INFOPLIST_KEY_UIApplicationSceneManifest_Generation = YES;
				INFOPLIST_KEY_UIApplicationSupportsIndirectInputEvents = YES;
				INFOPLIST_KEY_UILaunchScreen_Generation = YES;
				INFOPLIST_KEY_UISupportedInterfaceOrientations_iPad = "UIInterfaceOrientationPortrait UIInterfaceOrientationPortraitUpsideDown UIInterfaceOrientationLandscapeLeft UIInterfaceOrientationLandscapeRight";
				INFOPLIST_KEY_UISupportedInterfaceOrientations_iPhone = "UIInterfaceOrientationPortrait UIInterfaceOrientationLandscapeLeft UIInterfaceOrientationLandscapeRight";
				LD_RUNPATH_SEARCH_PATHS = (
					"$(inherited)",
					"@executable_path/Frameworks",
				);
				MARKETING_VERSION = 1.0;
				PRODUCT_BUNDLE_IDENTIFIER = JTH.DailyDiscipline;
				PRODUCT_NAME = "$(TARGET_NAME)";
				SWIFT_EMIT_LOC_STRINGS = YES;
				SWIFT_VERSION = 5.0;
				TARGETED_DEVICE_FAMILY = "1,2";
			};
			name = Release;
		};
/* End XCBuildConfiguration section */

/* Begin XCConfigurationList section */
		C8A1DDD62927838B00FA983B /* Build configuration list for PBXProject "DailyDiscipline" */ = {
			isa = XCConfigurationList;
			buildConfigurations = (
				C8A1DDE72927838C00FA983B /* Debug */,
				C8A1DDE82927838C00FA983B /* Release */,
			);
			defaultConfigurationIsVisible = 0;
			defaultConfigurationName = Release;
		};
		C8A1DDE92927838C00FA983B /* Build configuration list for PBXNativeTarget "DailyDiscipline" */ = {
			isa = XCConfigurationList;
			buildConfigurations = (
				C8A1DDEA2927838C00FA983B /* Debug */,
				C8A1DDEB2927838C00FA983B /* Release */,
			);
			defaultConfigurationIsVisible = 0;
			defaultConfigurationName = Release;
		};
/* End XCConfigurationList section */

/* Begin XCVersionGroup section */
		C8FC1C3A29377F9700AA9B57 /* CoreDataModel.xcdatamodeld */ = {
			isa = XCVersionGroup;
			children = (
				C8FC1C3B29377F9700AA9B57 /* CoreDataModel.xcdatamodel */,
			);
			currentVersion = C8FC1C3B29377F9700AA9B57 /* CoreDataModel.xcdatamodel */;
			path = CoreDataModel.xcdatamodeld;
			sourceTree = "<group>";
			versionGroupType = wrapper.xcdatamodel;
		};
/* End XCVersionGroup section */
	};
	rootObject = C8A1DDD32927838B00FA983B /* Project object */;
}
